
Microsoft Visual Studio Solution File, Format Version 12.00
# Visual Studio Version 16
VisualStudioVersion = 16.0.28721.148
MinimumVisualStudioVersion = 10.0.40219.1
Project("{8BC9CEB8-8B4A-11D0-8D11-00A0C91BC942}") = "L004", "L004\L004.vcxproj", "{37050EA1-1D62-4CEC-A47F-C76961E8F29F}"
EndProject
Project("{8BC9CEB8-8B4A-11D0-8D11-00A0C91BC942}") = "L006CHookHeader", "..\L006CHookHeader\L006CHookHeader.vcxproj", "{19B5039C-21C6-4FE0-9D6C-9AD5CD90EE5F}"
EndProject
Project("{FAE04EC0-301F-11D3-BF4B-00C04F79EFBC}") = "L006CsHook", "..\L006CsHook\L006CsHook.csproj", "{56171404-7BA1-4B8A-ABEC-E118BA3BCBE2}"
EndProject
Global
	GlobalSection(SolutionConfigurationPlatforms) = preSolution
		Debug|Any CPU = Debug|Any CPU
		Debug|x64 = Debug|x64
		Debug|x86 = Debug|x86
		Release|Any CPU = Release|Any CPU
		Release|x64 = Release|x64
		Release|x86 = Release|x86
	EndGlobalSection
	GlobalSection(ProjectConfigurationPlatforms) = postSolution
		{37050EA1-1D62-4CEC-A47F-C76961E8F29F}.Debug|Any CPU.ActiveCfg = Debug|Win32
		{37050EA1-1D62-4CEC-A47F-C76961E8F29F}.Debug|x64.ActiveCfg = Debug|x64
		{37050EA1-1D62-4CEC-A47F-C76961E8F29F}.Debug|x64.Build.0 = Debug|x64
		{37050EA1-1D62-4CEC-A47F-C76961E8F29F}.Debug|x86.ActiveCfg = Debug|Win32
		{37050EA1-1D62-4CEC-A47F-C76961E8F29F}.Debug|x86.Build.0 = Debug|Win32
		{37050EA1-1D62-4CEC-A47F-C76961E8F29F}.Release|Any CPU.ActiveCfg = Release|Win32
		{37050EA1-1D62-4CEC-A47F-C76961E8F29F}.Release|x64.ActiveCfg = Release|x64
		{37050EA1-1D62-4CEC-A47F-C76961E8F29F}.Release|x64.Build.0 = Release|x64
		{37050EA1-1D62-4CEC-A47F-C76961E8F29F}.Release|x86.ActiveCfg = Release|Win32
		{37050EA1-1D62-4CEC-A47F-C76961E8F29F}.Release|x86.Build.0 = Release|Win32
		{19B5039C-21C6-4FE0-9D6C-9AD5CD90EE5F}.Debug|Any CPU.ActiveCfg = Debug|Win32
		{19B5039C-21C6-4FE0-9D6C-9AD5CD90EE5F}.Debug|x64.ActiveCfg = Debug|x64
		{19B5039C-21C6-4FE0-9D6C-9AD5CD90EE5F}.Debug|x64.Build.0 = Debug|x64
		{19B5039C-21C6-4FE0-9D6C-9AD5CD90EE5F}.Debug|x86.ActiveCfg = Debug|Win32
		{19B5039C-21C6-4FE0-9D6C-9AD5CD90EE5F}.Debug|x86.Build.0 = Debug|Win32
		{19B5039C-21C6-4FE0-9D6C-9AD5CD90EE5F}.Release|Any CPU.ActiveCfg = Release|Win32
		{19B5039C-21C6-4FE0-9D6C-9AD5CD90EE5F}.Release|x64.ActiveCfg = Release|x64
		{19B5039C-21C6-4FE0-9D6C-9AD5CD90EE5F}.Release|x64.Build.0 = Release|x64
		{19B5039C-21C6-4FE0-9D6C-9AD5CD90EE5F}.Release|x86.ActiveCfg = Release|Win32
		{19B5039C-21C6-4FE0-9D6C-9AD5CD90EE5F}.Release|x86.Build.0 = Release|Win32
		{56171404-7BA1-4B8A-ABEC-E118BA3BCBE2}.Debug|Any CPU.ActiveCfg = Debug|Any CPU
		{56171404-7BA1-4B8A-ABEC-E118BA3BCBE2}.Debug|Any CPU.Build.0 = Debug|Any CPU
		{56171404-7BA1-4B8A-ABEC-E118BA3BCBE2}.Debug|x64.ActiveCfg = Debug|Any CPU
		{56171404-7BA1-4B8A-ABEC-E118BA3BCBE2}.Debug|x64.Build.0 = Debug|Any CPU
		{56171404-7BA1-4B8A-ABEC-E118BA3BCBE2}.Debug|x86.ActiveCfg = Debug|Any CPU
		{56171404-7BA1-4B8A-ABEC-E118BA3BCBE2}.Debug|x86.Build.0 = Debug|Any CPU
		{56171404-7BA1-4B8A-ABEC-E118BA3BCBE2}.Release|Any CPU.ActiveCfg = Release|Any CPU
		{56171404-7BA1-4B8A-ABEC-E118BA3BCBE2}.Release|Any CPU.Build.0 = Release|Any CPU
		{56171404-7BA1-4B8A-ABEC-E118BA3BCBE2}.Release|x64.ActiveCfg = Release|Any CPU
		{56171404-7BA1-4B8A-ABEC-E118BA3BCBE2}.Release|x64.Build.0 = Release|Any CPU
		{56171404-7BA1-4B8A-ABEC-E118BA3BCBE2}.Release|x86.ActiveCfg = Release|Any CPU
		{56171404-7BA1-4B8A-ABEC-E118BA3BCBE2}.Release|x86.Build.0 = Release|Any CPU
	EndGlobalSection
	GlobalSection(SolutionProperties) = preSolution
		HideSolutionNode = FALSE
	EndGlobalSection
	GlobalSection(ExtensibilityGlobals) = postSolution
		SolutionGuid = {8CE038A5-070C-42CF-ADF9-17042B5C8B7A}
	EndGlobalSection
EndGlobal
