
Microsoft Visual Studio Solution File, Format Version 12.00
# Visual Studio Version 16
VisualStudioVersion = 16.0.28721.148
MinimumVisualStudioVersion = 10.0.40219.1
Project("{FAE04EC0-301F-11D3-BF4B-00C04F79EFBC}") = "PcWeChatHooK", "PcWeChatHooK\PcWeChatHooK.csproj", "{7F2907BD-0750-42B1-88B2-E28100126C3A}"
EndProject
Project("{8BC9CEB8-8B4A-11D0-8D11-00A0C91BC942}") = "L004CHookDll", "L004CHookDll\L004CHookDll.vcxproj", "{EB9210E7-23E8-43FC-8541-3D0C04A54C17}"
EndProject
Project("{8BC9CEB8-8B4A-11D0-8D11-00A0C91BC942}") = "L006CHookHeader", "L006CHookHeader\L006CHookHeader.vcxproj", "{94F2A646-975D-4653-A744-A18A3F2FF8A3}"
EndProject
Project("{FAE04EC0-301F-11D3-BF4B-00C04F79EFBC}") = "L006CsHookDll", "L006CsHookDll\L006CsHookDll.csproj", "{D6901004-68CE-4AFD-BD92-7E8FE2EC33EA}"
EndProject
Project("{8BC9CEB8-8B4A-11D0-8D11-00A0C91BC942}") = "L005eHookDll", "L005eHookDll\L005eHookDll.vcxproj", "{91F93E6A-C8C8-4D4D-A377-3A2D76C6A3AB}"
EndProject
Project("{8BC9CEB8-8B4A-11D0-8D11-00A0C91BC942}") = "L007CInjector", "L007CInjector\L007CInjector.vcxproj", "{963BAA3E-89F6-43EE-9CB9-93EA0DD622FE}"
EndProject
Project("{8BC9CEB8-8B4A-11D0-8D11-00A0C91BC942}") = "L008eInjector", "L008eInjector\L008eInjector.vcxproj", "{2B377DCD-532D-45AD-B0BE-ED32851FBDE4}"
EndProject
Project("{FAE04EC0-301F-11D3-BF4B-00C04F79EFBC}") = "L009CsInjector", "L009CsInjector\L009CsInjector.csproj", "{45AC5217-2267-4F01-B68D-ED7E9CDD0BE7}"
EndProject
Project("{FAE04EC0-301F-11D3-BF4B-00C04F79EFBC}") = "L014ReadWeChatMemory", "L014ReadWeChatMemory\L014ReadWeChatMemory.csproj", "{4E38ECF8-61F6-4BCA-8524-35E3D868E983}"
EndProject
Project("{FAE04EC0-301F-11D3-BF4B-00C04F79EFBC}") = "L016CaptureWeChatWindow", "L016CaptureWeChatWindow\L016CaptureWeChatWindow.csproj", "{427DF34E-8FD8-43DE-910C-B4A1311131EA}"
EndProject
Project("{FAE04EC0-301F-11D3-BF4B-00C04F79EFBC}") = "L017CaptureWeChatQrcode", "L017CaptureWeChatQrcode\L017CaptureWeChatQrcode.csproj", "{B5C6ECF1-BC5A-4522-B557-719A3276ECB7}"
EndProject
Project("{FAE04EC0-301F-11D3-BF4B-00C04F79EFBC}") = "L018WeChatQrcodeDecodeEncode", "L018WeChatQrcodeDecodeEncode\L018WeChatQrcodeDecodeEncode.csproj", "{ACF2FC8D-E9C8-4247-8B15-4B43FF59E999}"
EndProject
Project("{FAE04EC0-301F-11D3-BF4B-00C04F79EFBC}") = "L021WeChatMemoryPngReader", "L021WeChatMemoryPngReader\L021WeChatMemoryPngReader.csproj", "{BD08F953-6295-4D3C-943E-8FB52EE63009}"
EndProject
Project("{8BC9CEB8-8B4A-11D0-8D11-00A0C91BC942}") = "L022CMultiWeChat", "L022CMultiWeChat\L022CMultiWeChat.vcxproj", "{248C0C4D-F67C-4396-9DD6-E264AA9AABFB}"
EndProject
Project("{FAE04EC0-301F-11D3-BF4B-00C04F79EFBC}") = "L022CSMultiWeChat", "L022CSMultiWeChat\L022CSMultiWeChat.csproj", "{26804BD2-1F6A-4971-B195-FA0EB6BEF4E0}"
EndProject
Project("{FAE04EC0-301F-11D3-BF4B-00C04F79EFBC}") = "L023HijackDllCppCodeMaker", "L023HijackDllCppCodeMaker\L023HijackDllCppCodeMaker.csproj", "{C594930E-63B7-43BA-A31B-D3E3FF91FEE3}"
EndProject
Project("{8BC9CEB8-8B4A-11D0-8D11-00A0C91BC942}") = "L023WeChatHookDll", "L023WeChatHookDll\L023WeChatHookDll.vcxproj", "{B2C9EEFB-0865-4622-934F-42D33DD47214}"
EndProject
Project("{8BC9CEB8-8B4A-11D0-8D11-00A0C91BC942}") = "L023VersionDll", "L023VersionDll\L023VersionDll.vcxproj", "{ED360681-F968-42BF-B5FB-B5308E352CD1}"
EndProject
Project("{8BC9CEB8-8B4A-11D0-8D11-00A0C91BC942}") = "L026InjectAndUnject", "L026InjectAndUnject\L026InjectAndUnject.vcxproj", "{E25F060C-F469-4B0D-825A-800A0EF7F844}"
EndProject
Project("{8BC9CEB8-8B4A-11D0-8D11-00A0C91BC942}") = "L026DllTest", "L026DllTest\L026DllTest.vcxproj", "{2B5899F5-A3D0-4D26-A540-7EFA58F98073}"
EndProject
Project("{FAE04EC0-301F-11D3-BF4B-00C04F79EFBC}") = "L027WeChatWebServer", "L027WeChatWebServer\L027WeChatWebServer.csproj", "{97486AC8-6B5F-4C14-A253-DAB550FB4D77}"
EndProject
Project("{FAE04EC0-301F-11D3-BF4B-00C04F79EFBC}") = "L028WeChatWebClient", "L028WeChatWebClient\L028WeChatWebClient.csproj", "{94D7C022-FCE8-4977-9051-388A8F26C6D3}"
EndProject
Project("{8BC9CEB8-8B4A-11D0-8D11-00A0C91BC942}") = "L030QrcodeStringInlineHook", "L030QrcodeStringInlineHook\L030QrcodeStringInlineHook.vcxproj", "{639B413F-5BDB-43EC-ABFF-2B2A978E071B}"
EndProject
Project("{8BC9CEB8-8B4A-11D0-8D11-00A0C91BC942}") = "L031CsharpComByCplusplus", "L031CsharpComByCplusplus\L031CsharpComByCplusplus.vcxproj", "{6B0EDA73-AFFE-462C-B361-E8B005998337}"
EndProject
Project("{FAE04EC0-301F-11D3-BF4B-00C04F79EFBC}") = "L031CSharpHookDLL", "L031CSharpHookDLL\L031CSharpHookDLL.csproj", "{A174043B-F041-4DAF-AC17-B0D13D020E60}"
EndProject
Project("{8BC9CEB8-8B4A-11D0-8D11-00A0C91BC942}") = "L039eInlineHook", "L039eInlineHook\L039eInlineHook.vcxproj", "{AB6883D4-1D33-4B3D-97AC-5D9EFA6B3B0D}"
EndProject
Project("{8BC9CEB8-8B4A-11D0-8D11-00A0C91BC942}") = "L040WxTextMsgSender", "L040WxTextMsgSender\L040WxTextMsgSender.vcxproj", "{A945EC53-63FA-42F4-B0B4-F8913ECFDDFE}"
EndProject
Project("{8BC9CEB8-8B4A-11D0-8D11-00A0C91BC942}") = "L041WxMsgReceiver", "L041WxMsgReceiver\L041WxMsgReceiver.vcxproj", "{75B01D66-8E9E-41A3-8BCE-DFC5571DD860}"
EndProject
Project("{FAE04EC0-301F-11D3-BF4B-00C04F79EFBC}") = "L000WeChatDllInjector", "L000WeChatDllInjector\L000WeChatDllInjector.csproj", "{407D7005-D50F-48B4-932E-1FABF1A08792}"
EndProject
Project("{8BC9CEB8-8B4A-11D0-8D11-00A0C91BC942}") = "L042UnloadInjectedDll", "L042UnloadInjectedDll\L042UnloadInjectedDll.vcxproj", "{A97CD326-6BFE-45B3-A625-2D9B6B6A47CF}"
EndProject
Project("{8BC9CEB8-8B4A-11D0-8D11-00A0C91BC942}") = "L043CppDllDebug", "L043CppDllDebug\L043CppDllDebug.vcxproj", "{8FF54245-F75F-44A0-BFEB-8DE8356F26CA}"
EndProject
Project("{8BC9CEB8-8B4A-11D0-8D11-00A0C91BC942}") = "L044WxContractHooker", "L044WxContractHooker\L044WxContractHooker.vcxproj", "{B6C89B5D-0BA7-42D4-9E32-D43C4EB56FE8}"
EndProject
Project("{FAE04EC0-301F-11D3-BF4B-00C04F79EFBC}") = "L045HttpApiDEMO", "L045HttpApiDEMO\L045HttpApiDEMO.csproj", "{DC6FFB1F-3EAF-4225-AA35-3AE1B546A292}"
EndProject
Project("{FAE04EC0-301F-11D3-BF4B-00C04F79EFBC}") = "L045WxHttpApi", "L045WxHttpApi\L045WxHttpApi.csproj", "{405001C7-F5B3-409D-B109-7BC29A685D4B}"
EndProject
Project("{FAE04EC0-301F-11D3-BF4B-00C04F79EFBC}") = "L045HttpApiDEMO2", "L045HttpApiDEMO2\L045HttpApiDEMO2.csproj", "{F8D14B55-8DDB-4393-BF54-F2BD3FB9EC7C}"
EndProject
Project("{8BC9CEB8-8B4A-11D0-8D11-00A0C91BC942}") = "L045LovelyCat", "L045LovelyCat\L045LovelyCat.vcxproj", "{728EA3ED-47F9-4F6F-8393-08E3680C551D}"
EndProject
Project("{FAE04EC0-301F-11D3-BF4B-00C04F79EFBC}") = "L046eWxTextMsgSender", "L046eWxTextMsgSender\L046eWxTextMsgSender.csproj", "{37989CD4-5ED0-4DC5-8B2A-8601C0C8D5EE}"
EndProject
Project("{8BC9CEB8-8B4A-11D0-8D11-00A0C91BC942}") = "CWeChatHook", "..\CWeChatHook\CWeChatHook.vcxproj", "{AC902B2E-4719-43C0-9AAD-7DC1C13EAEAB}"
EndProject
Project("{8BC9CEB8-8B4A-11D0-8D11-00A0C91BC942}") = "EWeChatHook", "..\EWeChatHook\EWeChatHook.vcxproj", "{8C42A810-E7CD-45A1-BC52-50E4B882260A}"
EndProject
Project("{FAE04EC0-301F-11D3-BF4B-00C04F79EFBC}") = "AirCatApi", "..\AirCatApi\AirCatApi.csproj", "{1FF417DE-401C-4A75-9538-C457B3795623}"
EndProject
Project("{8BC9CEB8-8B4A-11D0-8D11-00A0C91BC942}") = "L047WxLogOut", "L047WxLogOut\L047WxLogOut.vcxproj", "{07DEF756-3AE1-43EF-8AD3-1FCB08E57185}"
EndProject
Project("{8BC9CEB8-8B4A-11D0-8D11-00A0C91BC942}") = "L048_IDA_WxDeleteUser", "L048_IDA_WxDeleteUser\L048_IDA_WxDeleteUser.vcxproj", "{76798617-C613-424F-BD52-24BE237104B4}"
EndProject
Project("{8BC9CEB8-8B4A-11D0-8D11-00A0C91BC942}") = "L049_IDA_WxQuitChatRoom", "L049_IDA_WxQuitChatRoom\L049_IDA_WxQuitChatRoom.vcxproj", "{43C892B2-2DAE-4739-BF77-ED7890C381D8}"
EndProject
Project("{8BC9CEB8-8B4A-11D0-8D11-00A0C91BC942}") = "L050_IDA_WxQueryQRCode", "L050_IDA_WxQueryQRCode\L050_IDA_WxQueryQRCode.vcxproj", "{E0D95447-2DA1-4CB0-A804-CCB561237DC6}"
EndProject
Project("{8BC9CEB8-8B4A-11D0-8D11-00A0C91BC942}") = "L051_IDA_WxIsLogedIn", "L051_IDA_WxIsLogedIn\L051_IDA_WxIsLogedIn.vcxproj", "{329098BB-85CD-4CBB-9D47-298E0139B181}"
EndProject
Project("{8BC9CEB8-8B4A-11D0-8D11-00A0C91BC942}") = "L052_IDA_WxSendText", "L052_IDA_WxSendText\L052_IDA_WxSendText.vcxproj", "{528FBD2A-85D6-4C37-BC4D-5CC5979A1D4D}"
EndProject
Project("{8BC9CEB8-8B4A-11D0-8D11-00A0C91BC942}") = "L053_IDA_WxSendRoomText", "L053_IDA_WxSendRoomText\L053_IDA_WxSendRoomText.vcxproj", "{836C7586-79BD-4119-B2ED-8C2A7AF534CF}"
EndProject
Project("{8BC9CEB8-8B4A-11D0-8D11-00A0C91BC942}") = "L054_IDA_WxSendRoomAtText", "L054_IDA_WxSendRoomAtText\L054_IDA_WxSendRoomAtText.vcxproj", "{2E800DC3-0C1C-452F-9389-BCD0B3979887}"
EndProject
Project("{8BC9CEB8-8B4A-11D0-8D11-00A0C91BC942}") = "L055_IDA_WxGetRoomUserWxIdList", "L055_IDA_WxGetRoomUserWxIdList\L055_IDA_WxGetRoomUserWxIdList.vcxproj", "{3663DD5F-C559-4A6A-A763-5F092D747EC2}"
EndProject
Project("{8BC9CEB8-8B4A-11D0-8D11-00A0C91BC942}") = "L056_IDA_WxSendImage", "L056_IDA_WxSendImage\L056_IDA_WxSendImage.vcxproj", "{581D27B8-724B-419F-9778-8B3FE1CC34D2}"
EndProject
Project("{8BC9CEB8-8B4A-11D0-8D11-00A0C91BC942}") = "L057_IDA_WxSendFile", "L057_IDA_WxSendFile\L057_IDA_WxSendFile.vcxproj", "{A8CE6E39-6BDB-4578-86D7-A4044FB26961}"
EndProject
Project("{8BC9CEB8-8B4A-11D0-8D11-00A0C91BC942}") = "L058_IDA_WxSetRoomAnnouncement", "L058_IDA_WxSetRoomAnnouncement\L058_IDA_WxSetRoomAnnouncement.vcxproj", "{8128BA38-5775-4197-8889-1C10403E9D02}"
EndProject
Global
	GlobalSection(SolutionConfigurationPlatforms) = preSolution
		Debug|Any CPU = Debug|Any CPU
		Debug|x64 = Debug|x64
		Debug|x86 = Debug|x86
		Release|Any CPU = Release|Any CPU
		Release|x64 = Release|x64
		Release|x86 = Release|x86
	EndGlobalSection
	GlobalSection(ProjectConfigurationPlatforms) = postSolution
		{7F2907BD-0750-42B1-88B2-E28100126C3A}.Debug|Any CPU.ActiveCfg = Debug|Any CPU
		{7F2907BD-0750-42B1-88B2-E28100126C3A}.Debug|Any CPU.Build.0 = Debug|Any CPU
		{7F2907BD-0750-42B1-88B2-E28100126C3A}.Debug|x64.ActiveCfg = Debug|Any CPU
		{7F2907BD-0750-42B1-88B2-E28100126C3A}.Debug|x64.Build.0 = Debug|Any CPU
		{7F2907BD-0750-42B1-88B2-E28100126C3A}.Debug|x86.ActiveCfg = Debug|Any CPU
		{7F2907BD-0750-42B1-88B2-E28100126C3A}.Debug|x86.Build.0 = Debug|Any CPU
		{7F2907BD-0750-42B1-88B2-E28100126C3A}.Release|Any CPU.ActiveCfg = Release|Any CPU
		{7F2907BD-0750-42B1-88B2-E28100126C3A}.Release|Any CPU.Build.0 = Release|Any CPU
		{7F2907BD-0750-42B1-88B2-E28100126C3A}.Release|x64.ActiveCfg = Release|Any CPU
		{7F2907BD-0750-42B1-88B2-E28100126C3A}.Release|x64.Build.0 = Release|Any CPU
		{7F2907BD-0750-42B1-88B2-E28100126C3A}.Release|x86.ActiveCfg = Release|Any CPU
		{7F2907BD-0750-42B1-88B2-E28100126C3A}.Release|x86.Build.0 = Release|Any CPU
		{EB9210E7-23E8-43FC-8541-3D0C04A54C17}.Debug|Any CPU.ActiveCfg = Debug|Win32
		{EB9210E7-23E8-43FC-8541-3D0C04A54C17}.Debug|x64.ActiveCfg = Debug|x64
		{EB9210E7-23E8-43FC-8541-3D0C04A54C17}.Debug|x64.Build.0 = Debug|x64
		{EB9210E7-23E8-43FC-8541-3D0C04A54C17}.Debug|x86.ActiveCfg = Debug|Win32
		{EB9210E7-23E8-43FC-8541-3D0C04A54C17}.Debug|x86.Build.0 = Debug|Win32
		{EB9210E7-23E8-43FC-8541-3D0C04A54C17}.Release|Any CPU.ActiveCfg = Release|Win32
		{EB9210E7-23E8-43FC-8541-3D0C04A54C17}.Release|x64.ActiveCfg = Release|x64
		{EB9210E7-23E8-43FC-8541-3D0C04A54C17}.Release|x64.Build.0 = Release|x64
		{EB9210E7-23E8-43FC-8541-3D0C04A54C17}.Release|x86.ActiveCfg = Release|Win32
		{EB9210E7-23E8-43FC-8541-3D0C04A54C17}.Release|x86.Build.0 = Release|Win32
		{94F2A646-975D-4653-A744-A18A3F2FF8A3}.Debug|Any CPU.ActiveCfg = Debug|Win32
		{94F2A646-975D-4653-A744-A18A3F2FF8A3}.Debug|x64.ActiveCfg = Debug|x64
		{94F2A646-975D-4653-A744-A18A3F2FF8A3}.Debug|x64.Build.0 = Debug|x64
		{94F2A646-975D-4653-A744-A18A3F2FF8A3}.Debug|x86.ActiveCfg = Debug|Win32
		{94F2A646-975D-4653-A744-A18A3F2FF8A3}.Debug|x86.Build.0 = Debug|Win32
		{94F2A646-975D-4653-A744-A18A3F2FF8A3}.Release|Any CPU.ActiveCfg = Release|Win32
		{94F2A646-975D-4653-A744-A18A3F2FF8A3}.Release|x64.ActiveCfg = Release|x64
		{94F2A646-975D-4653-A744-A18A3F2FF8A3}.Release|x64.Build.0 = Release|x64
		{94F2A646-975D-4653-A744-A18A3F2FF8A3}.Release|x86.ActiveCfg = Release|Win32
		{94F2A646-975D-4653-A744-A18A3F2FF8A3}.Release|x86.Build.0 = Release|Win32
		{D6901004-68CE-4AFD-BD92-7E8FE2EC33EA}.Debug|Any CPU.ActiveCfg = Debug|Any CPU
		{D6901004-68CE-4AFD-BD92-7E8FE2EC33EA}.Debug|Any CPU.Build.0 = Debug|Any CPU
		{D6901004-68CE-4AFD-BD92-7E8FE2EC33EA}.Debug|x64.ActiveCfg = Debug|Any CPU
		{D6901004-68CE-4AFD-BD92-7E8FE2EC33EA}.Debug|x64.Build.0 = Debug|Any CPU
		{D6901004-68CE-4AFD-BD92-7E8FE2EC33EA}.Debug|x86.ActiveCfg = Debug|Any CPU
		{D6901004-68CE-4AFD-BD92-7E8FE2EC33EA}.Debug|x86.Build.0 = Debug|Any CPU
		{D6901004-68CE-4AFD-BD92-7E8FE2EC33EA}.Release|Any CPU.ActiveCfg = Release|Any CPU
		{D6901004-68CE-4AFD-BD92-7E8FE2EC33EA}.Release|Any CPU.Build.0 = Release|Any CPU
		{D6901004-68CE-4AFD-BD92-7E8FE2EC33EA}.Release|x64.ActiveCfg = Release|Any CPU
		{D6901004-68CE-4AFD-BD92-7E8FE2EC33EA}.Release|x64.Build.0 = Release|Any CPU
		{D6901004-68CE-4AFD-BD92-7E8FE2EC33EA}.Release|x86.ActiveCfg = Release|Any CPU
		{D6901004-68CE-4AFD-BD92-7E8FE2EC33EA}.Release|x86.Build.0 = Release|Any CPU
		{91F93E6A-C8C8-4D4D-A377-3A2D76C6A3AB}.Debug|Any CPU.ActiveCfg = Debug|Win32
		{91F93E6A-C8C8-4D4D-A377-3A2D76C6A3AB}.Debug|x64.ActiveCfg = Debug|x64
		{91F93E6A-C8C8-4D4D-A377-3A2D76C6A3AB}.Debug|x64.Build.0 = Debug|x64
		{91F93E6A-C8C8-4D4D-A377-3A2D76C6A3AB}.Debug|x86.ActiveCfg = Debug|Win32
		{91F93E6A-C8C8-4D4D-A377-3A2D76C6A3AB}.Debug|x86.Build.0 = Debug|Win32
		{91F93E6A-C8C8-4D4D-A377-3A2D76C6A3AB}.Release|Any CPU.ActiveCfg = Release|Win32
		{91F93E6A-C8C8-4D4D-A377-3A2D76C6A3AB}.Release|x64.ActiveCfg = Release|x64
		{91F93E6A-C8C8-4D4D-A377-3A2D76C6A3AB}.Release|x64.Build.0 = Release|x64
		{91F93E6A-C8C8-4D4D-A377-3A2D76C6A3AB}.Release|x86.ActiveCfg = Release|Win32
		{91F93E6A-C8C8-4D4D-A377-3A2D76C6A3AB}.Release|x86.Build.0 = Release|Win32
		{963BAA3E-89F6-43EE-9CB9-93EA0DD622FE}.Debug|Any CPU.ActiveCfg = Debug|Win32
		{963BAA3E-89F6-43EE-9CB9-93EA0DD622FE}.Debug|x64.ActiveCfg = Debug|x64
		{963BAA3E-89F6-43EE-9CB9-93EA0DD622FE}.Debug|x64.Build.0 = Debug|x64
		{963BAA3E-89F6-43EE-9CB9-93EA0DD622FE}.Debug|x86.ActiveCfg = Debug|Win32
		{963BAA3E-89F6-43EE-9CB9-93EA0DD622FE}.Debug|x86.Build.0 = Debug|Win32
		{963BAA3E-89F6-43EE-9CB9-93EA0DD622FE}.Release|Any CPU.ActiveCfg = Release|Win32
		{963BAA3E-89F6-43EE-9CB9-93EA0DD622FE}.Release|x64.ActiveCfg = Release|x64
		{963BAA3E-89F6-43EE-9CB9-93EA0DD622FE}.Release|x64.Build.0 = Release|x64
		{963BAA3E-89F6-43EE-9CB9-93EA0DD622FE}.Release|x86.ActiveCfg = Release|Win32
		{963BAA3E-89F6-43EE-9CB9-93EA0DD622FE}.Release|x86.Build.0 = Release|Win32
		{2B377DCD-532D-45AD-B0BE-ED32851FBDE4}.Debug|Any CPU.ActiveCfg = Debug|Win32
		{2B377DCD-532D-45AD-B0BE-ED32851FBDE4}.Debug|x64.ActiveCfg = Debug|x64
		{2B377DCD-532D-45AD-B0BE-ED32851FBDE4}.Debug|x64.Build.0 = Debug|x64
		{2B377DCD-532D-45AD-B0BE-ED32851FBDE4}.Debug|x86.ActiveCfg = Debug|Win32
		{2B377DCD-532D-45AD-B0BE-ED32851FBDE4}.Debug|x86.Build.0 = Debug|Win32
		{2B377DCD-532D-45AD-B0BE-ED32851FBDE4}.Release|Any CPU.ActiveCfg = Release|Win32
		{2B377DCD-532D-45AD-B0BE-ED32851FBDE4}.Release|x64.ActiveCfg = Release|x64
		{2B377DCD-532D-45AD-B0BE-ED32851FBDE4}.Release|x64.Build.0 = Release|x64
		{2B377DCD-532D-45AD-B0BE-ED32851FBDE4}.Release|x86.ActiveCfg = Release|Win32
		{2B377DCD-532D-45AD-B0BE-ED32851FBDE4}.Release|x86.Build.0 = Release|Win32
		{45AC5217-2267-4F01-B68D-ED7E9CDD0BE7}.Debug|Any CPU.ActiveCfg = Debug|Any CPU
		{45AC5217-2267-4F01-B68D-ED7E9CDD0BE7}.Debug|Any CPU.Build.0 = Debug|Any CPU
		{45AC5217-2267-4F01-B68D-ED7E9CDD0BE7}.Debug|x64.ActiveCfg = Debug|Any CPU
		{45AC5217-2267-4F01-B68D-ED7E9CDD0BE7}.Debug|x64.Build.0 = Debug|Any CPU
		{45AC5217-2267-4F01-B68D-ED7E9CDD0BE7}.Debug|x86.ActiveCfg = Debug|Any CPU
		{45AC5217-2267-4F01-B68D-ED7E9CDD0BE7}.Debug|x86.Build.0 = Debug|Any CPU
		{45AC5217-2267-4F01-B68D-ED7E9CDD0BE7}.Release|Any CPU.ActiveCfg = Release|Any CPU
		{45AC5217-2267-4F01-B68D-ED7E9CDD0BE7}.Release|Any CPU.Build.0 = Release|Any CPU
		{45AC5217-2267-4F01-B68D-ED7E9CDD0BE7}.Release|x64.ActiveCfg = Release|Any CPU
		{45AC5217-2267-4F01-B68D-ED7E9CDD0BE7}.Release|x64.Build.0 = Release|Any CPU
		{45AC5217-2267-4F01-B68D-ED7E9CDD0BE7}.Release|x86.ActiveCfg = Release|Any CPU
		{45AC5217-2267-4F01-B68D-ED7E9CDD0BE7}.Release|x86.Build.0 = Release|Any CPU
		{4E38ECF8-61F6-4BCA-8524-35E3D868E983}.Debug|Any CPU.ActiveCfg = Debug|Any CPU
		{4E38ECF8-61F6-4BCA-8524-35E3D868E983}.Debug|Any CPU.Build.0 = Debug|Any CPU
		{4E38ECF8-61F6-4BCA-8524-35E3D868E983}.Debug|x64.ActiveCfg = Debug|Any CPU
		{4E38ECF8-61F6-4BCA-8524-35E3D868E983}.Debug|x64.Build.0 = Debug|Any CPU
		{4E38ECF8-61F6-4BCA-8524-35E3D868E983}.Debug|x86.ActiveCfg = Debug|Any CPU
		{4E38ECF8-61F6-4BCA-8524-35E3D868E983}.Debug|x86.Build.0 = Debug|Any CPU
		{4E38ECF8-61F6-4BCA-8524-35E3D868E983}.Release|Any CPU.ActiveCfg = Release|Any CPU
		{4E38ECF8-61F6-4BCA-8524-35E3D868E983}.Release|Any CPU.Build.0 = Release|Any CPU
		{4E38ECF8-61F6-4BCA-8524-35E3D868E983}.Release|x64.ActiveCfg = Release|Any CPU
		{4E38ECF8-61F6-4BCA-8524-35E3D868E983}.Release|x64.Build.0 = Release|Any CPU
		{4E38ECF8-61F6-4BCA-8524-35E3D868E983}.Release|x86.ActiveCfg = Release|Any CPU
		{4E38ECF8-61F6-4BCA-8524-35E3D868E983}.Release|x86.Build.0 = Release|Any CPU
		{427DF34E-8FD8-43DE-910C-B4A1311131EA}.Debug|Any CPU.ActiveCfg = Debug|Any CPU
		{427DF34E-8FD8-43DE-910C-B4A1311131EA}.Debug|Any CPU.Build.0 = Debug|Any CPU
		{427DF34E-8FD8-43DE-910C-B4A1311131EA}.Debug|x64.ActiveCfg = Debug|Any CPU
		{427DF34E-8FD8-43DE-910C-B4A1311131EA}.Debug|x64.Build.0 = Debug|Any CPU
		{427DF34E-8FD8-43DE-910C-B4A1311131EA}.Debug|x86.ActiveCfg = Debug|Any CPU
		{427DF34E-8FD8-43DE-910C-B4A1311131EA}.Debug|x86.Build.0 = Debug|Any CPU
		{427DF34E-8FD8-43DE-910C-B4A1311131EA}.Release|Any CPU.ActiveCfg = Release|Any CPU
		{427DF34E-8FD8-43DE-910C-B4A1311131EA}.Release|Any CPU.Build.0 = Release|Any CPU
		{427DF34E-8FD8-43DE-910C-B4A1311131EA}.Release|x64.ActiveCfg = Release|Any CPU
		{427DF34E-8FD8-43DE-910C-B4A1311131EA}.Release|x64.Build.0 = Release|Any CPU
		{427DF34E-8FD8-43DE-910C-B4A1311131EA}.Release|x86.ActiveCfg = Release|Any CPU
		{427DF34E-8FD8-43DE-910C-B4A1311131EA}.Release|x86.Build.0 = Release|Any CPU
		{B5C6ECF1-BC5A-4522-B557-719A3276ECB7}.Debug|Any CPU.ActiveCfg = Debug|Any CPU
		{B5C6ECF1-BC5A-4522-B557-719A3276ECB7}.Debug|Any CPU.Build.0 = Debug|Any CPU
		{B5C6ECF1-BC5A-4522-B557-719A3276ECB7}.Debug|x64.ActiveCfg = Debug|Any CPU
		{B5C6ECF1-BC5A-4522-B557-719A3276ECB7}.Debug|x64.Build.0 = Debug|Any CPU
		{B5C6ECF1-BC5A-4522-B557-719A3276ECB7}.Debug|x86.ActiveCfg = Debug|Any CPU
		{B5C6ECF1-BC5A-4522-B557-719A3276ECB7}.Debug|x86.Build.0 = Debug|Any CPU
		{B5C6ECF1-BC5A-4522-B557-719A3276ECB7}.Release|Any CPU.ActiveCfg = Release|Any CPU
		{B5C6ECF1-BC5A-4522-B557-719A3276ECB7}.Release|Any CPU.Build.0 = Release|Any CPU
		{B5C6ECF1-BC5A-4522-B557-719A3276ECB7}.Release|x64.ActiveCfg = Release|Any CPU
		{B5C6ECF1-BC5A-4522-B557-719A3276ECB7}.Release|x64.Build.0 = Release|Any CPU
		{B5C6ECF1-BC5A-4522-B557-719A3276ECB7}.Release|x86.ActiveCfg = Release|Any CPU
		{B5C6ECF1-BC5A-4522-B557-719A3276ECB7}.Release|x86.Build.0 = Release|Any CPU
		{ACF2FC8D-E9C8-4247-8B15-4B43FF59E999}.Debug|Any CPU.ActiveCfg = Debug|Any CPU
		{ACF2FC8D-E9C8-4247-8B15-4B43FF59E999}.Debug|Any CPU.Build.0 = Debug|Any CPU
		{ACF2FC8D-E9C8-4247-8B15-4B43FF59E999}.Debug|x64.ActiveCfg = Debug|Any CPU
		{ACF2FC8D-E9C8-4247-8B15-4B43FF59E999}.Debug|x64.Build.0 = Debug|Any CPU
		{ACF2FC8D-E9C8-4247-8B15-4B43FF59E999}.Debug|x86.ActiveCfg = Debug|Any CPU
		{ACF2FC8D-E9C8-4247-8B15-4B43FF59E999}.Debug|x86.Build.0 = Debug|Any CPU
		{ACF2FC8D-E9C8-4247-8B15-4B43FF59E999}.Release|Any CPU.ActiveCfg = Release|Any CPU
		{ACF2FC8D-E9C8-4247-8B15-4B43FF59E999}.Release|Any CPU.Build.0 = Release|Any CPU
		{ACF2FC8D-E9C8-4247-8B15-4B43FF59E999}.Release|x64.ActiveCfg = Release|Any CPU
		{ACF2FC8D-E9C8-4247-8B15-4B43FF59E999}.Release|x64.Build.0 = Release|Any CPU
		{ACF2FC8D-E9C8-4247-8B15-4B43FF59E999}.Release|x86.ActiveCfg = Release|Any CPU
		{ACF2FC8D-E9C8-4247-8B15-4B43FF59E999}.Release|x86.Build.0 = Release|Any CPU
		{BD08F953-6295-4D3C-943E-8FB52EE63009}.Debug|Any CPU.ActiveCfg = Debug|Any CPU
		{BD08F953-6295-4D3C-943E-8FB52EE63009}.Debug|Any CPU.Build.0 = Debug|Any CPU
		{BD08F953-6295-4D3C-943E-8FB52EE63009}.Debug|x64.ActiveCfg = Debug|Any CPU
		{BD08F953-6295-4D3C-943E-8FB52EE63009}.Debug|x64.Build.0 = Debug|Any CPU
		{BD08F953-6295-4D3C-943E-8FB52EE63009}.Debug|x86.ActiveCfg = Debug|Any CPU
		{BD08F953-6295-4D3C-943E-8FB52EE63009}.Debug|x86.Build.0 = Debug|Any CPU
		{BD08F953-6295-4D3C-943E-8FB52EE63009}.Release|Any CPU.ActiveCfg = Release|Any CPU
		{BD08F953-6295-4D3C-943E-8FB52EE63009}.Release|Any CPU.Build.0 = Release|Any CPU
		{BD08F953-6295-4D3C-943E-8FB52EE63009}.Release|x64.ActiveCfg = Release|Any CPU
		{BD08F953-6295-4D3C-943E-8FB52EE63009}.Release|x64.Build.0 = Release|Any CPU
		{BD08F953-6295-4D3C-943E-8FB52EE63009}.Release|x86.ActiveCfg = Release|Any CPU
		{BD08F953-6295-4D3C-943E-8FB52EE63009}.Release|x86.Build.0 = Release|Any CPU
		{248C0C4D-F67C-4396-9DD6-E264AA9AABFB}.Debug|Any CPU.ActiveCfg = Debug|Win32
		{248C0C4D-F67C-4396-9DD6-E264AA9AABFB}.Debug|x64.ActiveCfg = Debug|x64
		{248C0C4D-F67C-4396-9DD6-E264AA9AABFB}.Debug|x64.Build.0 = Debug|x64
		{248C0C4D-F67C-4396-9DD6-E264AA9AABFB}.Debug|x86.ActiveCfg = Debug|Win32
		{248C0C4D-F67C-4396-9DD6-E264AA9AABFB}.Debug|x86.Build.0 = Debug|Win32
		{248C0C4D-F67C-4396-9DD6-E264AA9AABFB}.Release|Any CPU.ActiveCfg = Release|Win32
		{248C0C4D-F67C-4396-9DD6-E264AA9AABFB}.Release|x64.ActiveCfg = Release|x64
		{248C0C4D-F67C-4396-9DD6-E264AA9AABFB}.Release|x64.Build.0 = Release|x64
		{248C0C4D-F67C-4396-9DD6-E264AA9AABFB}.Release|x86.ActiveCfg = Release|Win32
		{248C0C4D-F67C-4396-9DD6-E264AA9AABFB}.Release|x86.Build.0 = Release|Win32
		{26804BD2-1F6A-4971-B195-FA0EB6BEF4E0}.Debug|Any CPU.ActiveCfg = Debug|Any CPU
		{26804BD2-1F6A-4971-B195-FA0EB6BEF4E0}.Debug|Any CPU.Build.0 = Debug|Any CPU
		{26804BD2-1F6A-4971-B195-FA0EB6BEF4E0}.Debug|x64.ActiveCfg = Debug|Any CPU
		{26804BD2-1F6A-4971-B195-FA0EB6BEF4E0}.Debug|x64.Build.0 = Debug|Any CPU
		{26804BD2-1F6A-4971-B195-FA0EB6BEF4E0}.Debug|x86.ActiveCfg = Debug|Any CPU
		{26804BD2-1F6A-4971-B195-FA0EB6BEF4E0}.Debug|x86.Build.0 = Debug|Any CPU
		{26804BD2-1F6A-4971-B195-FA0EB6BEF4E0}.Release|Any CPU.ActiveCfg = Release|Any CPU
		{26804BD2-1F6A-4971-B195-FA0EB6BEF4E0}.Release|Any CPU.Build.0 = Release|Any CPU
		{26804BD2-1F6A-4971-B195-FA0EB6BEF4E0}.Release|x64.ActiveCfg = Release|Any CPU
		{26804BD2-1F6A-4971-B195-FA0EB6BEF4E0}.Release|x64.Build.0 = Release|Any CPU
		{26804BD2-1F6A-4971-B195-FA0EB6BEF4E0}.Release|x86.ActiveCfg = Release|Any CPU
		{26804BD2-1F6A-4971-B195-FA0EB6BEF4E0}.Release|x86.Build.0 = Release|Any CPU
		{C594930E-63B7-43BA-A31B-D3E3FF91FEE3}.Debug|Any CPU.ActiveCfg = Debug|Any CPU
		{C594930E-63B7-43BA-A31B-D3E3FF91FEE3}.Debug|Any CPU.Build.0 = Debug|Any CPU
		{C594930E-63B7-43BA-A31B-D3E3FF91FEE3}.Debug|x64.ActiveCfg = Debug|Any CPU
		{C594930E-63B7-43BA-A31B-D3E3FF91FEE3}.Debug|x64.Build.0 = Debug|Any CPU
		{C594930E-63B7-43BA-A31B-D3E3FF91FEE3}.Debug|x86.ActiveCfg = Debug|Any CPU
		{C594930E-63B7-43BA-A31B-D3E3FF91FEE3}.Debug|x86.Build.0 = Debug|Any CPU
		{C594930E-63B7-43BA-A31B-D3E3FF91FEE3}.Release|Any CPU.ActiveCfg = Release|Any CPU
		{C594930E-63B7-43BA-A31B-D3E3FF91FEE3}.Release|Any CPU.Build.0 = Release|Any CPU
		{C594930E-63B7-43BA-A31B-D3E3FF91FEE3}.Release|x64.ActiveCfg = Release|Any CPU
		{C594930E-63B7-43BA-A31B-D3E3FF91FEE3}.Release|x64.Build.0 = Release|Any CPU
		{C594930E-63B7-43BA-A31B-D3E3FF91FEE3}.Release|x86.ActiveCfg = Release|Any CPU
		{C594930E-63B7-43BA-A31B-D3E3FF91FEE3}.Release|x86.Build.0 = Release|Any CPU
		{B2C9EEFB-0865-4622-934F-42D33DD47214}.Debug|Any CPU.ActiveCfg = Debug|Win32
		{B2C9EEFB-0865-4622-934F-42D33DD47214}.Debug|x64.ActiveCfg = Debug|x64
		{B2C9EEFB-0865-4622-934F-42D33DD47214}.Debug|x64.Build.0 = Debug|x64
		{B2C9EEFB-0865-4622-934F-42D33DD47214}.Debug|x86.ActiveCfg = Debug|Win32
		{B2C9EEFB-0865-4622-934F-42D33DD47214}.Debug|x86.Build.0 = Debug|Win32
		{B2C9EEFB-0865-4622-934F-42D33DD47214}.Release|Any CPU.ActiveCfg = Release|Win32
		{B2C9EEFB-0865-4622-934F-42D33DD47214}.Release|x64.ActiveCfg = Release|x64
		{B2C9EEFB-0865-4622-934F-42D33DD47214}.Release|x64.Build.0 = Release|x64
		{B2C9EEFB-0865-4622-934F-42D33DD47214}.Release|x86.ActiveCfg = Release|Win32
		{B2C9EEFB-0865-4622-934F-42D33DD47214}.Release|x86.Build.0 = Release|Win32
		{ED360681-F968-42BF-B5FB-B5308E352CD1}.Debug|Any CPU.ActiveCfg = Debug|Win32
		{ED360681-F968-42BF-B5FB-B5308E352CD1}.Debug|x64.ActiveCfg = Debug|x64
		{ED360681-F968-42BF-B5FB-B5308E352CD1}.Debug|x64.Build.0 = Debug|x64
		{ED360681-F968-42BF-B5FB-B5308E352CD1}.Debug|x86.ActiveCfg = Debug|Win32
		{ED360681-F968-42BF-B5FB-B5308E352CD1}.Debug|x86.Build.0 = Debug|Win32
		{ED360681-F968-42BF-B5FB-B5308E352CD1}.Release|Any CPU.ActiveCfg = Release|Win32
		{ED360681-F968-42BF-B5FB-B5308E352CD1}.Release|x64.ActiveCfg = Release|x64
		{ED360681-F968-42BF-B5FB-B5308E352CD1}.Release|x64.Build.0 = Release|x64
		{ED360681-F968-42BF-B5FB-B5308E352CD1}.Release|x86.ActiveCfg = Release|Win32
		{ED360681-F968-42BF-B5FB-B5308E352CD1}.Release|x86.Build.0 = Release|Win32
		{E25F060C-F469-4B0D-825A-800A0EF7F844}.Debug|Any CPU.ActiveCfg = Debug|Win32
		{E25F060C-F469-4B0D-825A-800A0EF7F844}.Debug|x64.ActiveCfg = Debug|x64
		{E25F060C-F469-4B0D-825A-800A0EF7F844}.Debug|x64.Build.0 = Debug|x64
		{E25F060C-F469-4B0D-825A-800A0EF7F844}.Debug|x86.ActiveCfg = Debug|Win32
		{E25F060C-F469-4B0D-825A-800A0EF7F844}.Debug|x86.Build.0 = Debug|Win32
		{E25F060C-F469-4B0D-825A-800A0EF7F844}.Release|Any CPU.ActiveCfg = Release|Win32
		{E25F060C-F469-4B0D-825A-800A0EF7F844}.Release|x64.ActiveCfg = Release|x64
		{E25F060C-F469-4B0D-825A-800A0EF7F844}.Release|x64.Build.0 = Release|x64
		{E25F060C-F469-4B0D-825A-800A0EF7F844}.Release|x86.ActiveCfg = Release|Win32
		{E25F060C-F469-4B0D-825A-800A0EF7F844}.Release|x86.Build.0 = Release|Win32
		{2B5899F5-A3D0-4D26-A540-7EFA58F98073}.Debug|Any CPU.ActiveCfg = Debug|Win32
		{2B5899F5-A3D0-4D26-A540-7EFA58F98073}.Debug|x64.ActiveCfg = Debug|x64
		{2B5899F5-A3D0-4D26-A540-7EFA58F98073}.Debug|x64.Build.0 = Debug|x64
		{2B5899F5-A3D0-4D26-A540-7EFA58F98073}.Debug|x86.ActiveCfg = Debug|Win32
		{2B5899F5-A3D0-4D26-A540-7EFA58F98073}.Debug|x86.Build.0 = Debug|Win32
		{2B5899F5-A3D0-4D26-A540-7EFA58F98073}.Release|Any CPU.ActiveCfg = Release|Win32
		{2B5899F5-A3D0-4D26-A540-7EFA58F98073}.Release|x64.ActiveCfg = Release|x64
		{2B5899F5-A3D0-4D26-A540-7EFA58F98073}.Release|x64.Build.0 = Release|x64
		{2B5899F5-A3D0-4D26-A540-7EFA58F98073}.Release|x86.ActiveCfg = Release|Win32
		{2B5899F5-A3D0-4D26-A540-7EFA58F98073}.Release|x86.Build.0 = Release|Win32
		{97486AC8-6B5F-4C14-A253-DAB550FB4D77}.Debug|Any CPU.ActiveCfg = Debug|Any CPU
		{97486AC8-6B5F-4C14-A253-DAB550FB4D77}.Debug|Any CPU.Build.0 = Debug|Any CPU
		{97486AC8-6B5F-4C14-A253-DAB550FB4D77}.Debug|x64.ActiveCfg = Debug|Any CPU
		{97486AC8-6B5F-4C14-A253-DAB550FB4D77}.Debug|x64.Build.0 = Debug|Any CPU
		{97486AC8-6B5F-4C14-A253-DAB550FB4D77}.Debug|x86.ActiveCfg = Debug|Any CPU
		{97486AC8-6B5F-4C14-A253-DAB550FB4D77}.Debug|x86.Build.0 = Debug|Any CPU
		{97486AC8-6B5F-4C14-A253-DAB550FB4D77}.Release|Any CPU.ActiveCfg = Release|Any CPU
		{97486AC8-6B5F-4C14-A253-DAB550FB4D77}.Release|Any CPU.Build.0 = Release|Any CPU
		{97486AC8-6B5F-4C14-A253-DAB550FB4D77}.Release|x64.ActiveCfg = Release|Any CPU
		{97486AC8-6B5F-4C14-A253-DAB550FB4D77}.Release|x64.Build.0 = Release|Any CPU
		{97486AC8-6B5F-4C14-A253-DAB550FB4D77}.Release|x86.ActiveCfg = Release|Any CPU
		{97486AC8-6B5F-4C14-A253-DAB550FB4D77}.Release|x86.Build.0 = Release|Any CPU
		{94D7C022-FCE8-4977-9051-388A8F26C6D3}.Debug|Any CPU.ActiveCfg = Debug|Any CPU
		{94D7C022-FCE8-4977-9051-388A8F26C6D3}.Debug|Any CPU.Build.0 = Debug|Any CPU
		{94D7C022-FCE8-4977-9051-388A8F26C6D3}.Debug|x64.ActiveCfg = Debug|Any CPU
		{94D7C022-FCE8-4977-9051-388A8F26C6D3}.Debug|x64.Build.0 = Debug|Any CPU
		{94D7C022-FCE8-4977-9051-388A8F26C6D3}.Debug|x86.ActiveCfg = Debug|Any CPU
		{94D7C022-FCE8-4977-9051-388A8F26C6D3}.Debug|x86.Build.0 = Debug|Any CPU
		{94D7C022-FCE8-4977-9051-388A8F26C6D3}.Release|Any CPU.ActiveCfg = Release|Any CPU
		{94D7C022-FCE8-4977-9051-388A8F26C6D3}.Release|Any CPU.Build.0 = Release|Any CPU
		{94D7C022-FCE8-4977-9051-388A8F26C6D3}.Release|x64.ActiveCfg = Release|Any CPU
		{94D7C022-FCE8-4977-9051-388A8F26C6D3}.Release|x64.Build.0 = Release|Any CPU
		{94D7C022-FCE8-4977-9051-388A8F26C6D3}.Release|x86.ActiveCfg = Release|Any CPU
		{94D7C022-FCE8-4977-9051-388A8F26C6D3}.Release|x86.Build.0 = Release|Any CPU
		{639B413F-5BDB-43EC-ABFF-2B2A978E071B}.Debug|Any CPU.ActiveCfg = Debug|Win32
		{639B413F-5BDB-43EC-ABFF-2B2A978E071B}.Debug|x64.ActiveCfg = Debug|x64
		{639B413F-5BDB-43EC-ABFF-2B2A978E071B}.Debug|x64.Build.0 = Debug|x64
		{639B413F-5BDB-43EC-ABFF-2B2A978E071B}.Debug|x86.ActiveCfg = Debug|Win32
		{639B413F-5BDB-43EC-ABFF-2B2A978E071B}.Debug|x86.Build.0 = Debug|Win32
		{639B413F-5BDB-43EC-ABFF-2B2A978E071B}.Release|Any CPU.ActiveCfg = Release|Win32
		{639B413F-5BDB-43EC-ABFF-2B2A978E071B}.Release|x64.ActiveCfg = Release|x64
		{639B413F-5BDB-43EC-ABFF-2B2A978E071B}.Release|x64.Build.0 = Release|x64
		{639B413F-5BDB-43EC-ABFF-2B2A978E071B}.Release|x86.ActiveCfg = Release|Win32
		{639B413F-5BDB-43EC-ABFF-2B2A978E071B}.Release|x86.Build.0 = Release|Win32
		{6B0EDA73-AFFE-462C-B361-E8B005998337}.Debug|Any CPU.ActiveCfg = Debug|Win32
		{6B0EDA73-AFFE-462C-B361-E8B005998337}.Debug|x64.ActiveCfg = Debug|x64
		{6B0EDA73-AFFE-462C-B361-E8B005998337}.Debug|x64.Build.0 = Debug|x64
		{6B0EDA73-AFFE-462C-B361-E8B005998337}.Debug|x86.ActiveCfg = Debug|Win32
		{6B0EDA73-AFFE-462C-B361-E8B005998337}.Debug|x86.Build.0 = Debug|Win32
		{6B0EDA73-AFFE-462C-B361-E8B005998337}.Release|Any CPU.ActiveCfg = Release|Win32
		{6B0EDA73-AFFE-462C-B361-E8B005998337}.Release|x64.ActiveCfg = Release|x64
		{6B0EDA73-AFFE-462C-B361-E8B005998337}.Release|x64.Build.0 = Release|x64
		{6B0EDA73-AFFE-462C-B361-E8B005998337}.Release|x86.ActiveCfg = Release|Win32
		{6B0EDA73-AFFE-462C-B361-E8B005998337}.Release|x86.Build.0 = Release|Win32
		{A174043B-F041-4DAF-AC17-B0D13D020E60}.Debug|Any CPU.ActiveCfg = Debug|Any CPU
		{A174043B-F041-4DAF-AC17-B0D13D020E60}.Debug|Any CPU.Build.0 = Debug|Any CPU
		{A174043B-F041-4DAF-AC17-B0D13D020E60}.Debug|x64.ActiveCfg = Debug|Any CPU
		{A174043B-F041-4DAF-AC17-B0D13D020E60}.Debug|x64.Build.0 = Debug|Any CPU
		{A174043B-F041-4DAF-AC17-B0D13D020E60}.Debug|x86.ActiveCfg = Debug|Any CPU
		{A174043B-F041-4DAF-AC17-B0D13D020E60}.Debug|x86.Build.0 = Debug|Any CPU
		{A174043B-F041-4DAF-AC17-B0D13D020E60}.Release|Any CPU.ActiveCfg = Release|Any CPU
		{A174043B-F041-4DAF-AC17-B0D13D020E60}.Release|Any CPU.Build.0 = Release|Any CPU
		{A174043B-F041-4DAF-AC17-B0D13D020E60}.Release|x64.ActiveCfg = Release|Any CPU
		{A174043B-F041-4DAF-AC17-B0D13D020E60}.Release|x64.Build.0 = Release|Any CPU
		{A174043B-F041-4DAF-AC17-B0D13D020E60}.Release|x86.ActiveCfg = Release|Any CPU
		{A174043B-F041-4DAF-AC17-B0D13D020E60}.Release|x86.Build.0 = Release|Any CPU
		{AB6883D4-1D33-4B3D-97AC-5D9EFA6B3B0D}.Debug|Any CPU.ActiveCfg = Debug|Win32
		{AB6883D4-1D33-4B3D-97AC-5D9EFA6B3B0D}.Debug|x64.ActiveCfg = Debug|x64
		{AB6883D4-1D33-4B3D-97AC-5D9EFA6B3B0D}.Debug|x64.Build.0 = Debug|x64
		{AB6883D4-1D33-4B3D-97AC-5D9EFA6B3B0D}.Debug|x86.ActiveCfg = Debug|Win32
		{AB6883D4-1D33-4B3D-97AC-5D9EFA6B3B0D}.Debug|x86.Build.0 = Debug|Win32
		{AB6883D4-1D33-4B3D-97AC-5D9EFA6B3B0D}.Release|Any CPU.ActiveCfg = Release|Win32
		{AB6883D4-1D33-4B3D-97AC-5D9EFA6B3B0D}.Release|x64.ActiveCfg = Release|x64
		{AB6883D4-1D33-4B3D-97AC-5D9EFA6B3B0D}.Release|x64.Build.0 = Release|x64
		{AB6883D4-1D33-4B3D-97AC-5D9EFA6B3B0D}.Release|x86.ActiveCfg = Release|Win32
		{AB6883D4-1D33-4B3D-97AC-5D9EFA6B3B0D}.Release|x86.Build.0 = Release|Win32
		{A945EC53-63FA-42F4-B0B4-F8913ECFDDFE}.Debug|Any CPU.ActiveCfg = Debug|Win32
		{A945EC53-63FA-42F4-B0B4-F8913ECFDDFE}.Debug|x64.ActiveCfg = Debug|x64
		{A945EC53-63FA-42F4-B0B4-F8913ECFDDFE}.Debug|x64.Build.0 = Debug|x64
		{A945EC53-63FA-42F4-B0B4-F8913ECFDDFE}.Debug|x86.ActiveCfg = Debug|Win32
		{A945EC53-63FA-42F4-B0B4-F8913ECFDDFE}.Debug|x86.Build.0 = Debug|Win32
		{A945EC53-63FA-42F4-B0B4-F8913ECFDDFE}.Release|Any CPU.ActiveCfg = Release|Win32
		{A945EC53-63FA-42F4-B0B4-F8913ECFDDFE}.Release|x64.ActiveCfg = Release|x64
		{A945EC53-63FA-42F4-B0B4-F8913ECFDDFE}.Release|x64.Build.0 = Release|x64
		{A945EC53-63FA-42F4-B0B4-F8913ECFDDFE}.Release|x86.ActiveCfg = Release|Win32
		{A945EC53-63FA-42F4-B0B4-F8913ECFDDFE}.Release|x86.Build.0 = Release|Win32
		{75B01D66-8E9E-41A3-8BCE-DFC5571DD860}.Debug|Any CPU.ActiveCfg = Debug|Win32
		{75B01D66-8E9E-41A3-8BCE-DFC5571DD860}.Debug|x64.ActiveCfg = Debug|x64
		{75B01D66-8E9E-41A3-8BCE-DFC5571DD860}.Debug|x64.Build.0 = Debug|x64
		{75B01D66-8E9E-41A3-8BCE-DFC5571DD860}.Debug|x86.ActiveCfg = Debug|Win32
		{75B01D66-8E9E-41A3-8BCE-DFC5571DD860}.Debug|x86.Build.0 = Debug|Win32
		{75B01D66-8E9E-41A3-8BCE-DFC5571DD860}.Release|Any CPU.ActiveCfg = Release|Win32
		{75B01D66-8E9E-41A3-8BCE-DFC5571DD860}.Release|x64.ActiveCfg = Release|x64
		{75B01D66-8E9E-41A3-8BCE-DFC5571DD860}.Release|x64.Build.0 = Release|x64
		{75B01D66-8E9E-41A3-8BCE-DFC5571DD860}.Release|x86.ActiveCfg = Release|Win32
		{75B01D66-8E9E-41A3-8BCE-DFC5571DD860}.Release|x86.Build.0 = Release|Win32
		{407D7005-D50F-48B4-932E-1FABF1A08792}.Debug|Any CPU.ActiveCfg = Debug|Any CPU
		{407D7005-D50F-48B4-932E-1FABF1A08792}.Debug|Any CPU.Build.0 = Debug|Any CPU
		{407D7005-D50F-48B4-932E-1FABF1A08792}.Debug|x64.ActiveCfg = Debug|Any CPU
		{407D7005-D50F-48B4-932E-1FABF1A08792}.Debug|x64.Build.0 = Debug|Any CPU
		{407D7005-D50F-48B4-932E-1FABF1A08792}.Debug|x86.ActiveCfg = Debug|Any CPU
		{407D7005-D50F-48B4-932E-1FABF1A08792}.Debug|x86.Build.0 = Debug|Any CPU
		{407D7005-D50F-48B4-932E-1FABF1A08792}.Release|Any CPU.ActiveCfg = Release|Any CPU
		{407D7005-D50F-48B4-932E-1FABF1A08792}.Release|Any CPU.Build.0 = Release|Any CPU
		{407D7005-D50F-48B4-932E-1FABF1A08792}.Release|x64.ActiveCfg = Release|Any CPU
		{407D7005-D50F-48B4-932E-1FABF1A08792}.Release|x64.Build.0 = Release|Any CPU
		{407D7005-D50F-48B4-932E-1FABF1A08792}.Release|x86.ActiveCfg = Release|Any CPU
		{407D7005-D50F-48B4-932E-1FABF1A08792}.Release|x86.Build.0 = Release|Any CPU
		{A97CD326-6BFE-45B3-A625-2D9B6B6A47CF}.Debug|Any CPU.ActiveCfg = Debug|Win32
		{A97CD326-6BFE-45B3-A625-2D9B6B6A47CF}.Debug|x64.ActiveCfg = Debug|x64
		{A97CD326-6BFE-45B3-A625-2D9B6B6A47CF}.Debug|x64.Build.0 = Debug|x64
		{A97CD326-6BFE-45B3-A625-2D9B6B6A47CF}.Debug|x86.ActiveCfg = Debug|Win32
		{A97CD326-6BFE-45B3-A625-2D9B6B6A47CF}.Debug|x86.Build.0 = Debug|Win32
		{A97CD326-6BFE-45B3-A625-2D9B6B6A47CF}.Release|Any CPU.ActiveCfg = Release|Win32
		{A97CD326-6BFE-45B3-A625-2D9B6B6A47CF}.Release|x64.ActiveCfg = Release|x64
		{A97CD326-6BFE-45B3-A625-2D9B6B6A47CF}.Release|x64.Build.0 = Release|x64
		{A97CD326-6BFE-45B3-A625-2D9B6B6A47CF}.Release|x86.ActiveCfg = Release|Win32
		{A97CD326-6BFE-45B3-A625-2D9B6B6A47CF}.Release|x86.Build.0 = Release|Win32
		{8FF54245-F75F-44A0-BFEB-8DE8356F26CA}.Debug|Any CPU.ActiveCfg = Debug|Win32
		{8FF54245-F75F-44A0-BFEB-8DE8356F26CA}.Debug|x64.ActiveCfg = Debug|x64
		{8FF54245-F75F-44A0-BFEB-8DE8356F26CA}.Debug|x64.Build.0 = Debug|x64
		{8FF54245-F75F-44A0-BFEB-8DE8356F26CA}.Debug|x86.ActiveCfg = Debug|Win32
		{8FF54245-F75F-44A0-BFEB-8DE8356F26CA}.Debug|x86.Build.0 = Debug|Win32
		{8FF54245-F75F-44A0-BFEB-8DE8356F26CA}.Release|Any CPU.ActiveCfg = Release|Win32
		{8FF54245-F75F-44A0-BFEB-8DE8356F26CA}.Release|x64.ActiveCfg = Release|x64
		{8FF54245-F75F-44A0-BFEB-8DE8356F26CA}.Release|x64.Build.0 = Release|x64
		{8FF54245-F75F-44A0-BFEB-8DE8356F26CA}.Release|x86.ActiveCfg = Release|Win32
		{8FF54245-F75F-44A0-BFEB-8DE8356F26CA}.Release|x86.Build.0 = Release|Win32
		{B6C89B5D-0BA7-42D4-9E32-D43C4EB56FE8}.Debug|Any CPU.ActiveCfg = Debug|Win32
		{B6C89B5D-0BA7-42D4-9E32-D43C4EB56FE8}.Debug|x64.ActiveCfg = Debug|x64
		{B6C89B5D-0BA7-42D4-9E32-D43C4EB56FE8}.Debug|x64.Build.0 = Debug|x64
		{B6C89B5D-0BA7-42D4-9E32-D43C4EB56FE8}.Debug|x86.ActiveCfg = Debug|Win32
		{B6C89B5D-0BA7-42D4-9E32-D43C4EB56FE8}.Debug|x86.Build.0 = Debug|Win32
		{B6C89B5D-0BA7-42D4-9E32-D43C4EB56FE8}.Release|Any CPU.ActiveCfg = Release|Win32
		{B6C89B5D-0BA7-42D4-9E32-D43C4EB56FE8}.Release|x64.ActiveCfg = Release|x64
		{B6C89B5D-0BA7-42D4-9E32-D43C4EB56FE8}.Release|x64.Build.0 = Release|x64
		{B6C89B5D-0BA7-42D4-9E32-D43C4EB56FE8}.Release|x86.ActiveCfg = Release|Win32
		{B6C89B5D-0BA7-42D4-9E32-D43C4EB56FE8}.Release|x86.Build.0 = Release|Win32
		{DC6FFB1F-3EAF-4225-AA35-3AE1B546A292}.Debug|Any CPU.ActiveCfg = Debug|Any CPU
		{DC6FFB1F-3EAF-4225-AA35-3AE1B546A292}.Debug|Any CPU.Build.0 = Debug|Any CPU
		{DC6FFB1F-3EAF-4225-AA35-3AE1B546A292}.Debug|x64.ActiveCfg = Debug|Any CPU
		{DC6FFB1F-3EAF-4225-AA35-3AE1B546A292}.Debug|x64.Build.0 = Debug|Any CPU
		{DC6FFB1F-3EAF-4225-AA35-3AE1B546A292}.Debug|x86.ActiveCfg = Debug|Any CPU
		{DC6FFB1F-3EAF-4225-AA35-3AE1B546A292}.Debug|x86.Build.0 = Debug|Any CPU
		{DC6FFB1F-3EAF-4225-AA35-3AE1B546A292}.Release|Any CPU.ActiveCfg = Release|Any CPU
		{DC6FFB1F-3EAF-4225-AA35-3AE1B546A292}.Release|Any CPU.Build.0 = Release|Any CPU
		{DC6FFB1F-3EAF-4225-AA35-3AE1B546A292}.Release|x64.ActiveCfg = Release|Any CPU
		{DC6FFB1F-3EAF-4225-AA35-3AE1B546A292}.Release|x64.Build.0 = Release|Any CPU
		{DC6FFB1F-3EAF-4225-AA35-3AE1B546A292}.Release|x86.ActiveCfg = Release|Any CPU
		{DC6FFB1F-3EAF-4225-AA35-3AE1B546A292}.Release|x86.Build.0 = Release|Any CPU
		{405001C7-F5B3-409D-B109-7BC29A685D4B}.Debug|Any CPU.ActiveCfg = Debug|Any CPU
		{405001C7-F5B3-409D-B109-7BC29A685D4B}.Debug|Any CPU.Build.0 = Debug|Any CPU
		{405001C7-F5B3-409D-B109-7BC29A685D4B}.Debug|x64.ActiveCfg = Debug|Any CPU
		{405001C7-F5B3-409D-B109-7BC29A685D4B}.Debug|x64.Build.0 = Debug|Any CPU
		{405001C7-F5B3-409D-B109-7BC29A685D4B}.Debug|x86.ActiveCfg = Debug|Any CPU
		{405001C7-F5B3-409D-B109-7BC29A685D4B}.Debug|x86.Build.0 = Debug|Any CPU
		{405001C7-F5B3-409D-B109-7BC29A685D4B}.Release|Any CPU.ActiveCfg = Release|Any CPU
		{405001C7-F5B3-409D-B109-7BC29A685D4B}.Release|Any CPU.Build.0 = Release|Any CPU
		{405001C7-F5B3-409D-B109-7BC29A685D4B}.Release|x64.ActiveCfg = Release|Any CPU
		{405001C7-F5B3-409D-B109-7BC29A685D4B}.Release|x64.Build.0 = Release|Any CPU
		{405001C7-F5B3-409D-B109-7BC29A685D4B}.Release|x86.ActiveCfg = Release|Any CPU
		{405001C7-F5B3-409D-B109-7BC29A685D4B}.Release|x86.Build.0 = Release|Any CPU
		{F8D14B55-8DDB-4393-BF54-F2BD3FB9EC7C}.Debug|Any CPU.ActiveCfg = Debug|Any CPU
		{F8D14B55-8DDB-4393-BF54-F2BD3FB9EC7C}.Debug|Any CPU.Build.0 = Debug|Any CPU
		{F8D14B55-8DDB-4393-BF54-F2BD3FB9EC7C}.Debug|x64.ActiveCfg = Debug|Any CPU
		{F8D14B55-8DDB-4393-BF54-F2BD3FB9EC7C}.Debug|x64.Build.0 = Debug|Any CPU
		{F8D14B55-8DDB-4393-BF54-F2BD3FB9EC7C}.Debug|x86.ActiveCfg = Debug|Any CPU
		{F8D14B55-8DDB-4393-BF54-F2BD3FB9EC7C}.Debug|x86.Build.0 = Debug|Any CPU
		{F8D14B55-8DDB-4393-BF54-F2BD3FB9EC7C}.Release|Any CPU.ActiveCfg = Release|Any CPU
		{F8D14B55-8DDB-4393-BF54-F2BD3FB9EC7C}.Release|Any CPU.Build.0 = Release|Any CPU
		{F8D14B55-8DDB-4393-BF54-F2BD3FB9EC7C}.Release|x64.ActiveCfg = Release|Any CPU
		{F8D14B55-8DDB-4393-BF54-F2BD3FB9EC7C}.Release|x64.Build.0 = Release|Any CPU
		{F8D14B55-8DDB-4393-BF54-F2BD3FB9EC7C}.Release|x86.ActiveCfg = Release|Any CPU
		{F8D14B55-8DDB-4393-BF54-F2BD3FB9EC7C}.Release|x86.Build.0 = Release|Any CPU
		{728EA3ED-47F9-4F6F-8393-08E3680C551D}.Debug|Any CPU.ActiveCfg = Debug|Win32
		{728EA3ED-47F9-4F6F-8393-08E3680C551D}.Debug|x64.ActiveCfg = Debug|x64
		{728EA3ED-47F9-4F6F-8393-08E3680C551D}.Debug|x64.Build.0 = Debug|x64
		{728EA3ED-47F9-4F6F-8393-08E3680C551D}.Debug|x86.ActiveCfg = Debug|Win32
		{728EA3ED-47F9-4F6F-8393-08E3680C551D}.Debug|x86.Build.0 = Debug|Win32
		{728EA3ED-47F9-4F6F-8393-08E3680C551D}.Release|Any CPU.ActiveCfg = Release|Win32
		{728EA3ED-47F9-4F6F-8393-08E3680C551D}.Release|x64.ActiveCfg = Release|x64
		{728EA3ED-47F9-4F6F-8393-08E3680C551D}.Release|x64.Build.0 = Release|x64
		{728EA3ED-47F9-4F6F-8393-08E3680C551D}.Release|x86.ActiveCfg = Release|Win32
		{728EA3ED-47F9-4F6F-8393-08E3680C551D}.Release|x86.Build.0 = Release|Win32
		{37989CD4-5ED0-4DC5-8B2A-8601C0C8D5EE}.Debug|Any CPU.ActiveCfg = Debug|Any CPU
		{37989CD4-5ED0-4DC5-8B2A-8601C0C8D5EE}.Debug|Any CPU.Build.0 = Debug|Any CPU
		{37989CD4-5ED0-4DC5-8B2A-8601C0C8D5EE}.Debug|x64.ActiveCfg = Debug|Any CPU
		{37989CD4-5ED0-4DC5-8B2A-8601C0C8D5EE}.Debug|x64.Build.0 = Debug|Any CPU
		{37989CD4-5ED0-4DC5-8B2A-8601C0C8D5EE}.Debug|x86.ActiveCfg = Debug|Any CPU
		{37989CD4-5ED0-4DC5-8B2A-8601C0C8D5EE}.Debug|x86.Build.0 = Debug|Any CPU
		{37989CD4-5ED0-4DC5-8B2A-8601C0C8D5EE}.Release|Any CPU.ActiveCfg = Release|Any CPU
		{37989CD4-5ED0-4DC5-8B2A-8601C0C8D5EE}.Release|Any CPU.Build.0 = Release|Any CPU
		{37989CD4-5ED0-4DC5-8B2A-8601C0C8D5EE}.Release|x64.ActiveCfg = Release|Any CPU
		{37989CD4-5ED0-4DC5-8B2A-8601C0C8D5EE}.Release|x64.Build.0 = Release|Any CPU
		{37989CD4-5ED0-4DC5-8B2A-8601C0C8D5EE}.Release|x86.ActiveCfg = Release|Any CPU
		{37989CD4-5ED0-4DC5-8B2A-8601C0C8D5EE}.Release|x86.Build.0 = Release|Any CPU
		{AC902B2E-4719-43C0-9AAD-7DC1C13EAEAB}.Debug|Any CPU.ActiveCfg = Debug|Win32
		{AC902B2E-4719-43C0-9AAD-7DC1C13EAEAB}.Debug|x64.ActiveCfg = Debug|x64
		{AC902B2E-4719-43C0-9AAD-7DC1C13EAEAB}.Debug|x64.Build.0 = Debug|x64
		{AC902B2E-4719-43C0-9AAD-7DC1C13EAEAB}.Debug|x86.ActiveCfg = Debug|Win32
		{AC902B2E-4719-43C0-9AAD-7DC1C13EAEAB}.Debug|x86.Build.0 = Debug|Win32
		{AC902B2E-4719-43C0-9AAD-7DC1C13EAEAB}.Release|Any CPU.ActiveCfg = Release|Win32
		{AC902B2E-4719-43C0-9AAD-7DC1C13EAEAB}.Release|x64.ActiveCfg = Release|x64
		{AC902B2E-4719-43C0-9AAD-7DC1C13EAEAB}.Release|x64.Build.0 = Release|x64
		{AC902B2E-4719-43C0-9AAD-7DC1C13EAEAB}.Release|x86.ActiveCfg = Release|Win32
		{AC902B2E-4719-43C0-9AAD-7DC1C13EAEAB}.Release|x86.Build.0 = Release|Win32
		{8C42A810-E7CD-45A1-BC52-50E4B882260A}.Debug|Any CPU.ActiveCfg = Debug|Win32
		{8C42A810-E7CD-45A1-BC52-50E4B882260A}.Debug|x64.ActiveCfg = Debug|x64
		{8C42A810-E7CD-45A1-BC52-50E4B882260A}.Debug|x64.Build.0 = Debug|x64
		{8C42A810-E7CD-45A1-BC52-50E4B882260A}.Debug|x86.ActiveCfg = Debug|Win32
		{8C42A810-E7CD-45A1-BC52-50E4B882260A}.Debug|x86.Build.0 = Debug|Win32
		{8C42A810-E7CD-45A1-BC52-50E4B882260A}.Release|Any CPU.ActiveCfg = Release|Win32
		{8C42A810-E7CD-45A1-BC52-50E4B882260A}.Release|x64.ActiveCfg = Release|x64
		{8C42A810-E7CD-45A1-BC52-50E4B882260A}.Release|x64.Build.0 = Release|x64
		{8C42A810-E7CD-45A1-BC52-50E4B882260A}.Release|x86.ActiveCfg = Release|Win32
		{8C42A810-E7CD-45A1-BC52-50E4B882260A}.Release|x86.Build.0 = Release|Win32
		{1FF417DE-401C-4A75-9538-C457B3795623}.Debug|Any CPU.ActiveCfg = Debug|Any CPU
		{1FF417DE-401C-4A75-9538-C457B3795623}.Debug|Any CPU.Build.0 = Debug|Any CPU
		{1FF417DE-401C-4A75-9538-C457B3795623}.Debug|x64.ActiveCfg = Debug|Any CPU
		{1FF417DE-401C-4A75-9538-C457B3795623}.Debug|x64.Build.0 = Debug|Any CPU
		{1FF417DE-401C-4A75-9538-C457B3795623}.Debug|x86.ActiveCfg = Debug|Any CPU
		{1FF417DE-401C-4A75-9538-C457B3795623}.Debug|x86.Build.0 = Debug|Any CPU
		{1FF417DE-401C-4A75-9538-C457B3795623}.Release|Any CPU.ActiveCfg = Release|Any CPU
		{1FF417DE-401C-4A75-9538-C457B3795623}.Release|Any CPU.Build.0 = Release|Any CPU
		{1FF417DE-401C-4A75-9538-C457B3795623}.Release|x64.ActiveCfg = Release|Any CPU
		{1FF417DE-401C-4A75-9538-C457B3795623}.Release|x64.Build.0 = Release|Any CPU
		{1FF417DE-401C-4A75-9538-C457B3795623}.Release|x86.ActiveCfg = Release|Any CPU
		{1FF417DE-401C-4A75-9538-C457B3795623}.Release|x86.Build.0 = Release|Any CPU
		{07DEF756-3AE1-43EF-8AD3-1FCB08E57185}.Debug|Any CPU.ActiveCfg = Debug|Win32
		{07DEF756-3AE1-43EF-8AD3-1FCB08E57185}.Debug|x64.ActiveCfg = Debug|x64
		{07DEF756-3AE1-43EF-8AD3-1FCB08E57185}.Debug|x64.Build.0 = Debug|x64
		{07DEF756-3AE1-43EF-8AD3-1FCB08E57185}.Debug|x86.ActiveCfg = Debug|Win32
		{07DEF756-3AE1-43EF-8AD3-1FCB08E57185}.Debug|x86.Build.0 = Debug|Win32
		{07DEF756-3AE1-43EF-8AD3-1FCB08E57185}.Release|Any CPU.ActiveCfg = Release|Win32
		{07DEF756-3AE1-43EF-8AD3-1FCB08E57185}.Release|x64.ActiveCfg = Release|x64
		{07DEF756-3AE1-43EF-8AD3-1FCB08E57185}.Release|x64.Build.0 = Release|x64
		{07DEF756-3AE1-43EF-8AD3-1FCB08E57185}.Release|x86.ActiveCfg = Release|Win32
		{07DEF756-3AE1-43EF-8AD3-1FCB08E57185}.Release|x86.Build.0 = Release|Win32
		{76798617-C613-424F-BD52-24BE237104B4}.Debug|Any CPU.ActiveCfg = Debug|Win32
		{76798617-C613-424F-BD52-24BE237104B4}.Debug|x64.ActiveCfg = Debug|x64
		{76798617-C613-424F-BD52-24BE237104B4}.Debug|x64.Build.0 = Debug|x64
		{76798617-C613-424F-BD52-24BE237104B4}.Debug|x86.ActiveCfg = Debug|Win32
		{76798617-C613-424F-BD52-24BE237104B4}.Debug|x86.Build.0 = Debug|Win32
		{76798617-C613-424F-BD52-24BE237104B4}.Release|Any CPU.ActiveCfg = Release|Win32
		{76798617-C613-424F-BD52-24BE237104B4}.Release|x64.ActiveCfg = Release|x64
		{76798617-C613-424F-BD52-24BE237104B4}.Release|x64.Build.0 = Release|x64
		{76798617-C613-424F-BD52-24BE237104B4}.Release|x86.ActiveCfg = Release|Win32
		{76798617-C613-424F-BD52-24BE237104B4}.Release|x86.Build.0 = Release|Win32
		{43C892B2-2DAE-4739-BF77-ED7890C381D8}.Debug|Any CPU.ActiveCfg = Debug|Win32
		{43C892B2-2DAE-4739-BF77-ED7890C381D8}.Debug|x64.ActiveCfg = Debug|x64
		{43C892B2-2DAE-4739-BF77-ED7890C381D8}.Debug|x64.Build.0 = Debug|x64
		{43C892B2-2DAE-4739-BF77-ED7890C381D8}.Debug|x86.ActiveCfg = Debug|Win32
		{43C892B2-2DAE-4739-BF77-ED7890C381D8}.Debug|x86.Build.0 = Debug|Win32
		{43C892B2-2DAE-4739-BF77-ED7890C381D8}.Release|Any CPU.ActiveCfg = Release|Win32
		{43C892B2-2DAE-4739-BF77-ED7890C381D8}.Release|x64.ActiveCfg = Release|x64
		{43C892B2-2DAE-4739-BF77-ED7890C381D8}.Release|x64.Build.0 = Release|x64
		{43C892B2-2DAE-4739-BF77-ED7890C381D8}.Release|x86.ActiveCfg = Release|Win32
		{43C892B2-2DAE-4739-BF77-ED7890C381D8}.Release|x86.Build.0 = Release|Win32
		{E0D95447-2DA1-4CB0-A804-CCB561237DC6}.Debug|Any CPU.ActiveCfg = Debug|Win32
		{E0D95447-2DA1-4CB0-A804-CCB561237DC6}.Debug|x64.ActiveCfg = Debug|x64
		{E0D95447-2DA1-4CB0-A804-CCB561237DC6}.Debug|x64.Build.0 = Debug|x64
		{E0D95447-2DA1-4CB0-A804-CCB561237DC6}.Debug|x86.ActiveCfg = Debug|Win32
		{E0D95447-2DA1-4CB0-A804-CCB561237DC6}.Debug|x86.Build.0 = Debug|Win32
		{E0D95447-2DA1-4CB0-A804-CCB561237DC6}.Release|Any CPU.ActiveCfg = Release|Win32
		{E0D95447-2DA1-4CB0-A804-CCB561237DC6}.Release|x64.ActiveCfg = Release|x64
		{E0D95447-2DA1-4CB0-A804-CCB561237DC6}.Release|x64.Build.0 = Release|x64
		{E0D95447-2DA1-4CB0-A804-CCB561237DC6}.Release|x86.ActiveCfg = Release|Win32
		{E0D95447-2DA1-4CB0-A804-CCB561237DC6}.Release|x86.Build.0 = Release|Win32
		{329098BB-85CD-4CBB-9D47-298E0139B181}.Debug|Any CPU.ActiveCfg = Debug|Win32
		{329098BB-85CD-4CBB-9D47-298E0139B181}.Debug|x64.ActiveCfg = Debug|x64
		{329098BB-85CD-4CBB-9D47-298E0139B181}.Debug|x64.Build.0 = Debug|x64
		{329098BB-85CD-4CBB-9D47-298E0139B181}.Debug|x86.ActiveCfg = Debug|Win32
		{329098BB-85CD-4CBB-9D47-298E0139B181}.Debug|x86.Build.0 = Debug|Win32
		{329098BB-85CD-4CBB-9D47-298E0139B181}.Release|Any CPU.ActiveCfg = Release|Win32
		{329098BB-85CD-4CBB-9D47-298E0139B181}.Release|x64.ActiveCfg = Release|x64
		{329098BB-85CD-4CBB-9D47-298E0139B181}.Release|x64.Build.0 = Release|x64
		{329098BB-85CD-4CBB-9D47-298E0139B181}.Release|x86.ActiveCfg = Release|Win32
		{329098BB-85CD-4CBB-9D47-298E0139B181}.Release|x86.Build.0 = Release|Win32
		{528FBD2A-85D6-4C37-BC4D-5CC5979A1D4D}.Debug|Any CPU.ActiveCfg = Debug|Win32
		{528FBD2A-85D6-4C37-BC4D-5CC5979A1D4D}.Debug|x64.ActiveCfg = Debug|x64
		{528FBD2A-85D6-4C37-BC4D-5CC5979A1D4D}.Debug|x64.Build.0 = Debug|x64
		{528FBD2A-85D6-4C37-BC4D-5CC5979A1D4D}.Debug|x86.ActiveCfg = Debug|Win32
		{528FBD2A-85D6-4C37-BC4D-5CC5979A1D4D}.Debug|x86.Build.0 = Debug|Win32
		{528FBD2A-85D6-4C37-BC4D-5CC5979A1D4D}.Release|Any CPU.ActiveCfg = Release|Win32
		{528FBD2A-85D6-4C37-BC4D-5CC5979A1D4D}.Release|x64.ActiveCfg = Release|x64
		{528FBD2A-85D6-4C37-BC4D-5CC5979A1D4D}.Release|x64.Build.0 = Release|x64
		{528FBD2A-85D6-4C37-BC4D-5CC5979A1D4D}.Release|x86.ActiveCfg = Release|Win32
		{528FBD2A-85D6-4C37-BC4D-5CC5979A1D4D}.Release|x86.Build.0 = Release|Win32
		{836C7586-79BD-4119-B2ED-8C2A7AF534CF}.Debug|Any CPU.ActiveCfg = Debug|Win32
		{836C7586-79BD-4119-B2ED-8C2A7AF534CF}.Debug|x64.ActiveCfg = Debug|x64
		{836C7586-79BD-4119-B2ED-8C2A7AF534CF}.Debug|x64.Build.0 = Debug|x64
		{836C7586-79BD-4119-B2ED-8C2A7AF534CF}.Debug|x86.ActiveCfg = Debug|Win32
		{836C7586-79BD-4119-B2ED-8C2A7AF534CF}.Debug|x86.Build.0 = Debug|Win32
		{836C7586-79BD-4119-B2ED-8C2A7AF534CF}.Release|Any CPU.ActiveCfg = Release|Win32
		{836C7586-79BD-4119-B2ED-8C2A7AF534CF}.Release|x64.ActiveCfg = Release|x64
		{836C7586-79BD-4119-B2ED-8C2A7AF534CF}.Release|x64.Build.0 = Release|x64
		{836C7586-79BD-4119-B2ED-8C2A7AF534CF}.Release|x86.ActiveCfg = Release|Win32
		{836C7586-79BD-4119-B2ED-8C2A7AF534CF}.Release|x86.Build.0 = Release|Win32
		{2E800DC3-0C1C-452F-9389-BCD0B3979887}.Debug|Any CPU.ActiveCfg = Debug|Win32
		{2E800DC3-0C1C-452F-9389-BCD0B3979887}.Debug|x64.ActiveCfg = Debug|x64
		{2E800DC3-0C1C-452F-9389-BCD0B3979887}.Debug|x64.Build.0 = Debug|x64
		{2E800DC3-0C1C-452F-9389-BCD0B3979887}.Debug|x86.ActiveCfg = Debug|Win32
		{2E800DC3-0C1C-452F-9389-BCD0B3979887}.Debug|x86.Build.0 = Debug|Win32
		{2E800DC3-0C1C-452F-9389-BCD0B3979887}.Release|Any CPU.ActiveCfg = Release|Win32
		{2E800DC3-0C1C-452F-9389-BCD0B3979887}.Release|x64.ActiveCfg = Release|x64
		{2E800DC3-0C1C-452F-9389-BCD0B3979887}.Release|x64.Build.0 = Release|x64
		{2E800DC3-0C1C-452F-9389-BCD0B3979887}.Release|x86.ActiveCfg = Release|Win32
		{2E800DC3-0C1C-452F-9389-BCD0B3979887}.Release|x86.Build.0 = Release|Win32
		{3663DD5F-C559-4A6A-A763-5F092D747EC2}.Debug|Any CPU.ActiveCfg = Debug|Win32
		{3663DD5F-C559-4A6A-A763-5F092D747EC2}.Debug|x64.ActiveCfg = Debug|x64
		{3663DD5F-C559-4A6A-A763-5F092D747EC2}.Debug|x64.Build.0 = Debug|x64
		{3663DD5F-C559-4A6A-A763-5F092D747EC2}.Debug|x86.ActiveCfg = Debug|Win32
		{3663DD5F-C559-4A6A-A763-5F092D747EC2}.Debug|x86.Build.0 = Debug|Win32
		{3663DD5F-C559-4A6A-A763-5F092D747EC2}.Release|Any CPU.ActiveCfg = Release|Win32
		{3663DD5F-C559-4A6A-A763-5F092D747EC2}.Release|x64.ActiveCfg = Release|x64
		{3663DD5F-C559-4A6A-A763-5F092D747EC2}.Release|x64.Build.0 = Release|x64
		{3663DD5F-C559-4A6A-A763-5F092D747EC2}.Release|x86.ActiveCfg = Release|Win32
		{3663DD5F-C559-4A6A-A763-5F092D747EC2}.Release|x86.Build.0 = Release|Win32
		{581D27B8-724B-419F-9778-8B3FE1CC34D2}.Debug|Any CPU.ActiveCfg = Debug|Win32
		{581D27B8-724B-419F-9778-8B3FE1CC34D2}.Debug|x64.ActiveCfg = Debug|x64
		{581D27B8-724B-419F-9778-8B3FE1CC34D2}.Debug|x64.Build.0 = Debug|x64
		{581D27B8-724B-419F-9778-8B3FE1CC34D2}.Debug|x86.ActiveCfg = Debug|Win32
		{581D27B8-724B-419F-9778-8B3FE1CC34D2}.Debug|x86.Build.0 = Debug|Win32
		{581D27B8-724B-419F-9778-8B3FE1CC34D2}.Release|Any CPU.ActiveCfg = Release|Win32
		{581D27B8-724B-419F-9778-8B3FE1CC34D2}.Release|x64.ActiveCfg = Release|x64
		{581D27B8-724B-419F-9778-8B3FE1CC34D2}.Release|x64.Build.0 = Release|x64
		{581D27B8-724B-419F-9778-8B3FE1CC34D2}.Release|x86.ActiveCfg = Release|Win32
		{581D27B8-724B-419F-9778-8B3FE1CC34D2}.Release|x86.Build.0 = Release|Win32
		{A8CE6E39-6BDB-4578-86D7-A4044FB26961}.Debug|Any CPU.ActiveCfg = Debug|Win32
		{A8CE6E39-6BDB-4578-86D7-A4044FB26961}.Debug|x64.ActiveCfg = Debug|x64
		{A8CE6E39-6BDB-4578-86D7-A4044FB26961}.Debug|x64.Build.0 = Debug|x64
		{A8CE6E39-6BDB-4578-86D7-A4044FB26961}.Debug|x86.ActiveCfg = Debug|Win32
		{A8CE6E39-6BDB-4578-86D7-A4044FB26961}.Debug|x86.Build.0 = Debug|Win32
		{A8CE6E39-6BDB-4578-86D7-A4044FB26961}.Release|Any CPU.ActiveCfg = Release|Win32
		{A8CE6E39-6BDB-4578-86D7-A4044FB26961}.Release|x64.ActiveCfg = Release|x64
		{A8CE6E39-6BDB-4578-86D7-A4044FB26961}.Release|x64.Build.0 = Release|x64
		{A8CE6E39-6BDB-4578-86D7-A4044FB26961}.Release|x86.ActiveCfg = Release|Win32
		{A8CE6E39-6BDB-4578-86D7-A4044FB26961}.Release|x86.Build.0 = Release|Win32
		{8128BA38-5775-4197-8889-1C10403E9D02}.Debug|Any CPU.ActiveCfg = Debug|Win32
		{8128BA38-5775-4197-8889-1C10403E9D02}.Debug|x64.ActiveCfg = Debug|x64
		{8128BA38-5775-4197-8889-1C10403E9D02}.Debug|x64.Build.0 = Debug|x64
		{8128BA38-5775-4197-8889-1C10403E9D02}.Debug|x86.ActiveCfg = Debug|Win32
		{8128BA38-5775-4197-8889-1C10403E9D02}.Debug|x86.Build.0 = Debug|Win32
		{8128BA38-5775-4197-8889-1C10403E9D02}.Release|Any CPU.ActiveCfg = Release|Win32
		{8128BA38-5775-4197-8889-1C10403E9D02}.Release|x64.ActiveCfg = Release|x64
		{8128BA38-5775-4197-8889-1C10403E9D02}.Release|x64.Build.0 = Release|x64
		{8128BA38-5775-4197-8889-1C10403E9D02}.Release|x86.ActiveCfg = Release|Win32
		{8128BA38-5775-4197-8889-1C10403E9D02}.Release|x86.Build.0 = Release|Win32
	EndGlobalSection
	GlobalSection(SolutionProperties) = preSolution
		HideSolutionNode = FALSE
	EndGlobalSection
	GlobalSection(ExtensibilityGlobals) = postSolution
		SolutionGuid = {75C3A013-69A7-4E78-8724-4165F0FF3378}
	EndGlobalSection
EndGlobal
