
Microsoft Visual Studio Solution File, Format Version 12.00
# Visual Studio Version 16
VisualStudioVersion = 16.0.28721.148
MinimumVisualStudioVersion = 10.0.40219.1
Project("{FAE04EC0-301F-11D3-BF4B-00C04F79EFBC}") = "PcWeChatHooK", "PcWeChatHooK\PcWeChatHooK.csproj", "{7F2907BD-0750-42B1-88B2-E28100126C3A}"
EndProject
Project("{8BC9CEB8-8B4A-11D0-8D11-00A0C91BC942}") = "L004CHookDll", "L004CHookDll\L004CHookDll.vcxproj", "{EB9210E7-23E8-43FC-8541-3D0C04A54C17}"
EndProject
Project("{8BC9CEB8-8B4A-11D0-8D11-00A0C91BC942}") = "L006CHookHeader", "L006CHookHeader\L006CHookHeader.vcxproj", "{94F2A646-975D-4653-A744-A18A3F2FF8A3}"
EndProject
Project("{FAE04EC0-301F-11D3-BF4B-00C04F79EFBC}") = "L006CsHookDll", "L006CsHookDll\L006CsHookDll.csproj", "{D6901004-68CE-4AFD-BD92-7E8FE2EC33EA}"
EndProject
Project("{8BC9CEB8-8B4A-11D0-8D11-00A0C91BC942}") = "L005eHookDll", "L005eHookDll\L005eHookDll.vcxproj", "{91F93E6A-C8C8-4D4D-A377-3A2D76C6A3AB}"
EndProject
Global
	GlobalSection(SolutionConfigurationPlatforms) = preSolution
		Debug|Any CPU = Debug|Any CPU
		Debug|x64 = Debug|x64
		Debug|x86 = Debug|x86
		Release|Any CPU = Release|Any CPU
		Release|x64 = Release|x64
		Release|x86 = Release|x86
	EndGlobalSection
	GlobalSection(ProjectConfigurationPlatforms) = postSolution
		{7F2907BD-0750-42B1-88B2-E28100126C3A}.Debug|Any CPU.ActiveCfg = Debug|Any CPU
		{7F2907BD-0750-42B1-88B2-E28100126C3A}.Debug|Any CPU.Build.0 = Debug|Any CPU
		{7F2907BD-0750-42B1-88B2-E28100126C3A}.Debug|x64.ActiveCfg = Debug|Any CPU
		{7F2907BD-0750-42B1-88B2-E28100126C3A}.Debug|x64.Build.0 = Debug|Any CPU
		{7F2907BD-0750-42B1-88B2-E28100126C3A}.Debug|x86.ActiveCfg = Debug|Any CPU
		{7F2907BD-0750-42B1-88B2-E28100126C3A}.Debug|x86.Build.0 = Debug|Any CPU
		{7F2907BD-0750-42B1-88B2-E28100126C3A}.Release|Any CPU.ActiveCfg = Release|Any CPU
		{7F2907BD-0750-42B1-88B2-E28100126C3A}.Release|Any CPU.Build.0 = Release|Any CPU
		{7F2907BD-0750-42B1-88B2-E28100126C3A}.Release|x64.ActiveCfg = Release|Any CPU
		{7F2907BD-0750-42B1-88B2-E28100126C3A}.Release|x64.Build.0 = Release|Any CPU
		{7F2907BD-0750-42B1-88B2-E28100126C3A}.Release|x86.ActiveCfg = Release|Any CPU
		{7F2907BD-0750-42B1-88B2-E28100126C3A}.Release|x86.Build.0 = Release|Any CPU
		{EB9210E7-23E8-43FC-8541-3D0C04A54C17}.Debug|Any CPU.ActiveCfg = Debug|Win32
		{EB9210E7-23E8-43FC-8541-3D0C04A54C17}.Debug|x64.ActiveCfg = Debug|x64
		{EB9210E7-23E8-43FC-8541-3D0C04A54C17}.Debug|x64.Build.0 = Debug|x64
		{EB9210E7-23E8-43FC-8541-3D0C04A54C17}.Debug|x86.ActiveCfg = Debug|Win32
		{EB9210E7-23E8-43FC-8541-3D0C04A54C17}.Debug|x86.Build.0 = Debug|Win32
		{EB9210E7-23E8-43FC-8541-3D0C04A54C17}.Release|Any CPU.ActiveCfg = Release|Win32
		{EB9210E7-23E8-43FC-8541-3D0C04A54C17}.Release|x64.ActiveCfg = Release|x64
		{EB9210E7-23E8-43FC-8541-3D0C04A54C17}.Release|x64.Build.0 = Release|x64
		{EB9210E7-23E8-43FC-8541-3D0C04A54C17}.Release|x86.ActiveCfg = Release|Win32
		{EB9210E7-23E8-43FC-8541-3D0C04A54C17}.Release|x86.Build.0 = Release|Win32
		{94F2A646-975D-4653-A744-A18A3F2FF8A3}.Debug|Any CPU.ActiveCfg = Debug|Win32
		{94F2A646-975D-4653-A744-A18A3F2FF8A3}.Debug|x64.ActiveCfg = Debug|x64
		{94F2A646-975D-4653-A744-A18A3F2FF8A3}.Debug|x64.Build.0 = Debug|x64
		{94F2A646-975D-4653-A744-A18A3F2FF8A3}.Debug|x86.ActiveCfg = Debug|Win32
		{94F2A646-975D-4653-A744-A18A3F2FF8A3}.Debug|x86.Build.0 = Debug|Win32
		{94F2A646-975D-4653-A744-A18A3F2FF8A3}.Release|Any CPU.ActiveCfg = Release|Win32
		{94F2A646-975D-4653-A744-A18A3F2FF8A3}.Release|x64.ActiveCfg = Release|x64
		{94F2A646-975D-4653-A744-A18A3F2FF8A3}.Release|x64.Build.0 = Release|x64
		{94F2A646-975D-4653-A744-A18A3F2FF8A3}.Release|x86.ActiveCfg = Release|Win32
		{94F2A646-975D-4653-A744-A18A3F2FF8A3}.Release|x86.Build.0 = Release|Win32
		{D6901004-68CE-4AFD-BD92-7E8FE2EC33EA}.Debug|Any CPU.ActiveCfg = Debug|Any CPU
		{D6901004-68CE-4AFD-BD92-7E8FE2EC33EA}.Debug|Any CPU.Build.0 = Debug|Any CPU
		{D6901004-68CE-4AFD-BD92-7E8FE2EC33EA}.Debug|x64.ActiveCfg = Debug|Any CPU
		{D6901004-68CE-4AFD-BD92-7E8FE2EC33EA}.Debug|x64.Build.0 = Debug|Any CPU
		{D6901004-68CE-4AFD-BD92-7E8FE2EC33EA}.Debug|x86.ActiveCfg = Debug|Any CPU
		{D6901004-68CE-4AFD-BD92-7E8FE2EC33EA}.Debug|x86.Build.0 = Debug|Any CPU
		{D6901004-68CE-4AFD-BD92-7E8FE2EC33EA}.Release|Any CPU.ActiveCfg = Release|Any CPU
		{D6901004-68CE-4AFD-BD92-7E8FE2EC33EA}.Release|Any CPU.Build.0 = Release|Any CPU
		{D6901004-68CE-4AFD-BD92-7E8FE2EC33EA}.Release|x64.ActiveCfg = Release|Any CPU
		{D6901004-68CE-4AFD-BD92-7E8FE2EC33EA}.Release|x64.Build.0 = Release|Any CPU
		{D6901004-68CE-4AFD-BD92-7E8FE2EC33EA}.Release|x86.ActiveCfg = Release|Any CPU
		{D6901004-68CE-4AFD-BD92-7E8FE2EC33EA}.Release|x86.Build.0 = Release|Any CPU
		{91F93E6A-C8C8-4D4D-A377-3A2D76C6A3AB}.Debug|Any CPU.ActiveCfg = Debug|Win32
		{91F93E6A-C8C8-4D4D-A377-3A2D76C6A3AB}.Debug|x64.ActiveCfg = Debug|x64
		{91F93E6A-C8C8-4D4D-A377-3A2D76C6A3AB}.Debug|x64.Build.0 = Debug|x64
		{91F93E6A-C8C8-4D4D-A377-3A2D76C6A3AB}.Debug|x86.ActiveCfg = Debug|Win32
		{91F93E6A-C8C8-4D4D-A377-3A2D76C6A3AB}.Debug|x86.Build.0 = Debug|Win32
		{91F93E6A-C8C8-4D4D-A377-3A2D76C6A3AB}.Release|Any CPU.ActiveCfg = Release|Win32
		{91F93E6A-C8C8-4D4D-A377-3A2D76C6A3AB}.Release|x64.ActiveCfg = Release|x64
		{91F93E6A-C8C8-4D4D-A377-3A2D76C6A3AB}.Release|x64.Build.0 = Release|x64
		{91F93E6A-C8C8-4D4D-A377-3A2D76C6A3AB}.Release|x86.ActiveCfg = Release|Win32
		{91F93E6A-C8C8-4D4D-A377-3A2D76C6A3AB}.Release|x86.Build.0 = Release|Win32
	EndGlobalSection
	GlobalSection(SolutionProperties) = preSolution
		HideSolutionNode = FALSE
	EndGlobalSection
	GlobalSection(ExtensibilityGlobals) = postSolution
		SolutionGuid = {75C3A013-69A7-4E78-8724-4165F0FF3378}
	EndGlobalSection
EndGlobal
