
Microsoft Visual Studio Solution File, Format Version 12.00
# Visual Studio Version 16
VisualStudioVersion = 16.0.29209.152
MinimumVisualStudioVersion = 10.0.40219.1
Project("{FAE04EC0-301F-11D3-BF4B-00C04F79EFBC}") = "L069", "L069\L069.csproj", "{8A78B2DB-4F20-4866-BE5C-7A1913A66166}"
EndProject
Global
	GlobalSection(SolutionConfigurationPlatforms) = preSolution
		Debug|Any CPU = Debug|Any CPU
		Release|Any CPU = Release|Any CPU
	EndGlobalSection
	GlobalSection(ProjectConfigurationPlatforms) = postSolution
		{8A78B2DB-4F20-4866-BE5C-7A1913A66166}.Debug|Any CPU.ActiveCfg = Debug|Any CPU
		{8A78B2DB-4F20-4866-BE5C-7A1913A66166}.Debug|Any CPU.Build.0 = Debug|Any CPU
		{8A78B2DB-4F20-4866-BE5C-7A1913A66166}.Release|Any CPU.ActiveCfg = Release|Any CPU
		{8A78B2DB-4F20-4866-BE5C-7A1913A66166}.Release|Any CPU.Build.0 = Release|Any CPU
	EndGlobalSection
	GlobalSection(SolutionProperties) = preSolution
		HideSolutionNode = FALSE
	EndGlobalSection
	GlobalSection(ExtensibilityGlobals) = postSolution
		SolutionGuid = {96D54C3A-D0F3-4C63-81DA-B3755B74DF76}
	EndGlobalSection
EndGlobal
