
Microsoft Visual Studio Solution File, Format Version 12.00
# Visual Studio Version 16
VisualStudioVersion = 16.0.29123.89
MinimumVisualStudioVersion = 10.0.40219.1
Project("{FAE04EC0-301F-11D3-BF4B-00C04F79EFBC}") = "L065_ETCP", "L065_ETCP\L065_ETCP.csproj", "{8BA017BB-C058-4FCF-B700-A56E007E11EE}"
EndProject
Global
	GlobalSection(SolutionConfigurationPlatforms) = preSolution
		Debug|Any CPU = Debug|Any CPU
		Release|Any CPU = Release|Any CPU
	EndGlobalSection
	GlobalSection(ProjectConfigurationPlatforms) = postSolution
		{8BA017BB-C058-4FCF-B700-A56E007E11EE}.Debug|Any CPU.ActiveCfg = Debug|Any CPU
		{8BA017BB-C058-4FCF-B700-A56E007E11EE}.Debug|Any CPU.Build.0 = Debug|Any CPU
		{8BA017BB-C058-4FCF-B700-A56E007E11EE}.Release|Any CPU.ActiveCfg = Release|Any CPU
		{8BA017BB-C058-4FCF-B700-A56E007E11EE}.Release|Any CPU.Build.0 = Release|Any CPU
	EndGlobalSection
	GlobalSection(SolutionProperties) = preSolution
		HideSolutionNode = FALSE
	EndGlobalSection
	GlobalSection(ExtensibilityGlobals) = postSolution
		SolutionGuid = {74E22706-96AD-4552-943D-E4B3CF888598}
	EndGlobalSection
EndGlobal
